
Microsoft Visual Studio Solution File, Format Version 12.00
# Visual Studio 2013
VisualStudioVersion = 12.0.31101.0
MinimumVisualStudioVersion = 10.0.40219.1
Project("{2150E333-8FDC-42A3-9474-1A3956D46DE8}") = "02_Utility", "02_Utility", "{2020B60C-0202-4FEC-8E78-F18588716196}"
EndProject
Project("{FAE04EC0-301F-11D3-BF4B-00C04F79EFBC}") = "Core", "Core\Core.csproj", "{83E52E84-6489-41E5-BFE4-2C762D50739E}"
EndProject
Project("{FAE04EC0-301F-11D3-BF4B-00C04F79EFBC}") = "DependencyServices", "DependencyServices\DependencyServices.csproj", "{67F9D3A8-F71E-4428-913F-C37AE82CDB24}"
EndProject
Project("{2150E333-8FDC-42A3-9474-1A3956D46DE8}") = "01_Core", "01_Core", "{8C21BBEA-FA13-4998-AB31-BDBF97F68406}"
EndProject
Project("{FAE04EC0-301F-11D3-BF4B-00C04F79EFBC}") = "Utility", "Utility\Utility.csproj", "{CCBE35C8-81C9-4728-8C2D-F2762BABF236}"
EndProject
Project("{FAE04EC0-301F-11D3-BF4B-00C04F79EFBC}") = "Utility.Droid", "Utility.Droid\Utility.Droid.csproj", "{1D610EB8-8CE9-419A-9BBE-1C4D10E3DE8A}"
EndProject
Project("{FAE04EC0-301F-11D3-BF4B-00C04F79EFBC}") = "Utility.iOS", "Utility.iOS\Utility.iOS.csproj", "{678C410A-C3CA-44E3-8736-D92414CCA0C1}"
EndProject
Project("{FAE04EC0-301F-11D3-BF4B-00C04F79EFBC}") = "Utility.WinPhone", "Utility.WinPhone\Utility.WinPhone.csproj", "{84E0E9E3-EE65-4B89-B0DE-E9559603DB6C}"
EndProject
Project("{FAE04EC0-301F-11D3-BF4B-00C04F79EFBC}") = "Samples", "Samples\Samples\Samples.csproj", "{82F1F843-1424-4152-BF8F-59596DBB022F}"
EndProject
Project("{FAE04EC0-301F-11D3-BF4B-00C04F79EFBC}") = "Samples.iOS", "Samples\Samples.iOS\Samples.iOS.csproj", "{64C28713-8BE4-4C10-B184-98DBF554FE33}"
EndProject
Project("{FAE04EC0-301F-11D3-BF4B-00C04F79EFBC}") = "Samples.Android", "Samples\Samples.Android\Samples.Android.csproj", "{36A47471-B87F-46A1-9E40-C6462754B89A}"
EndProject
Project("{FAE04EC0-301F-11D3-BF4B-00C04F79EFBC}") = "Samples.WinPhone", "Samples\Samples.WinPhone\Samples.WinPhone.csproj", "{6105C77D-881B-4E40-ADE2-F0CECD63DECF}"
EndProject
Project("{2150E333-8FDC-42A3-9474-1A3956D46DE8}") = "99_samples", "99_samples", "{A69F6E4E-1989-48D4-9EA0-CE79FC884B9F}"
EndProject
Project("{2150E333-8FDC-42A3-9474-1A3956D46DE8}") = ".nuget", ".nuget", "{CBE5D3E5-5DC3-4CB7-9EDB-265071949217}"
	ProjectSection(SolutionItems) = preProject
		.nuget\NuGet.Config = .nuget\NuGet.Config
		.nuget\NuGet.exe = .nuget\NuGet.exe
		.nuget\NuGet.targets = .nuget\NuGet.targets
	EndProjectSection
EndProject
Project("{FAE04EC0-301F-11D3-BF4B-00C04F79EFBC}") = "Controls", "Controls\Controls.csproj", "{9919756D-8CF1-4F7B-BA96-BDB435AB03D3}"
EndProject
Global
	GlobalSection(SolutionConfigurationPlatforms) = preSolution
		Ad-Hoc|Any CPU = Ad-Hoc|Any CPU
		Ad-Hoc|ARM = Ad-Hoc|ARM
		Ad-Hoc|iPhone = Ad-Hoc|iPhone
		Ad-Hoc|iPhoneSimulator = Ad-Hoc|iPhoneSimulator
		Ad-Hoc|Mixed Platforms = Ad-Hoc|Mixed Platforms
		Ad-Hoc|x86 = Ad-Hoc|x86
		AppStore|Any CPU = AppStore|Any CPU
		AppStore|ARM = AppStore|ARM
		AppStore|iPhone = AppStore|iPhone
		AppStore|iPhoneSimulator = AppStore|iPhoneSimulator
		AppStore|Mixed Platforms = AppStore|Mixed Platforms
		AppStore|x86 = AppStore|x86
		Debug|Any CPU = Debug|Any CPU
		Debug|ARM = Debug|ARM
		Debug|iPhone = Debug|iPhone
		Debug|iPhoneSimulator = Debug|iPhoneSimulator
		Debug|Mixed Platforms = Debug|Mixed Platforms
		Debug|x86 = Debug|x86
		Release|Any CPU = Release|Any CPU
		Release|ARM = Release|ARM
		Release|iPhone = Release|iPhone
		Release|iPhoneSimulator = Release|iPhoneSimulator
		Release|Mixed Platforms = Release|Mixed Platforms
		Release|x86 = Release|x86
	EndGlobalSection
	GlobalSection(ProjectConfigurationPlatforms) = postSolution
		{83E52E84-6489-41E5-BFE4-2C762D50739E}.Ad-Hoc|Any CPU.ActiveCfg = Release|Any CPU
		{83E52E84-6489-41E5-BFE4-2C762D50739E}.Ad-Hoc|Any CPU.Build.0 = Release|Any CPU
		{83E52E84-6489-41E5-BFE4-2C762D50739E}.Ad-Hoc|ARM.ActiveCfg = Release|Any CPU
		{83E52E84-6489-41E5-BFE4-2C762D50739E}.Ad-Hoc|iPhone.ActiveCfg = Release|Any CPU
		{83E52E84-6489-41E5-BFE4-2C762D50739E}.Ad-Hoc|iPhoneSimulator.ActiveCfg = Release|Any CPU
		{83E52E84-6489-41E5-BFE4-2C762D50739E}.Ad-Hoc|Mixed Platforms.ActiveCfg = Release|Any CPU
		{83E52E84-6489-41E5-BFE4-2C762D50739E}.Ad-Hoc|Mixed Platforms.Build.0 = Release|Any CPU
		{83E52E84-6489-41E5-BFE4-2C762D50739E}.Ad-Hoc|x86.ActiveCfg = Release|Any CPU
		{83E52E84-6489-41E5-BFE4-2C762D50739E}.AppStore|Any CPU.ActiveCfg = Release|Any CPU
		{83E52E84-6489-41E5-BFE4-2C762D50739E}.AppStore|Any CPU.Build.0 = Release|Any CPU
		{83E52E84-6489-41E5-BFE4-2C762D50739E}.AppStore|ARM.ActiveCfg = Release|Any CPU
		{83E52E84-6489-41E5-BFE4-2C762D50739E}.AppStore|iPhone.ActiveCfg = Release|Any CPU
		{83E52E84-6489-41E5-BFE4-2C762D50739E}.AppStore|iPhoneSimulator.ActiveCfg = Release|Any CPU
		{83E52E84-6489-41E5-BFE4-2C762D50739E}.AppStore|Mixed Platforms.ActiveCfg = Release|Any CPU
		{83E52E84-6489-41E5-BFE4-2C762D50739E}.AppStore|Mixed Platforms.Build.0 = Release|Any CPU
		{83E52E84-6489-41E5-BFE4-2C762D50739E}.AppStore|x86.ActiveCfg = Release|Any CPU
		{83E52E84-6489-41E5-BFE4-2C762D50739E}.Debug|Any CPU.ActiveCfg = Debug|Any CPU
		{83E52E84-6489-41E5-BFE4-2C762D50739E}.Debug|Any CPU.Build.0 = Debug|Any CPU
		{83E52E84-6489-41E5-BFE4-2C762D50739E}.Debug|ARM.ActiveCfg = Debug|Any CPU
		{83E52E84-6489-41E5-BFE4-2C762D50739E}.Debug|iPhone.ActiveCfg = Debug|Any CPU
		{83E52E84-6489-41E5-BFE4-2C762D50739E}.Debug|iPhoneSimulator.ActiveCfg = Debug|Any CPU
		{83E52E84-6489-41E5-BFE4-2C762D50739E}.Debug|Mixed Platforms.ActiveCfg = Debug|Any CPU
		{83E52E84-6489-41E5-BFE4-2C762D50739E}.Debug|Mixed Platforms.Build.0 = Debug|Any CPU
		{83E52E84-6489-41E5-BFE4-2C762D50739E}.Debug|x86.ActiveCfg = Debug|Any CPU
		{83E52E84-6489-41E5-BFE4-2C762D50739E}.Release|Any CPU.ActiveCfg = Release|Any CPU
		{83E52E84-6489-41E5-BFE4-2C762D50739E}.Release|Any CPU.Build.0 = Release|Any CPU
		{83E52E84-6489-41E5-BFE4-2C762D50739E}.Release|ARM.ActiveCfg = Release|Any CPU
		{83E52E84-6489-41E5-BFE4-2C762D50739E}.Release|iPhone.ActiveCfg = Release|Any CPU
		{83E52E84-6489-41E5-BFE4-2C762D50739E}.Release|iPhoneSimulator.ActiveCfg = Release|Any CPU
		{83E52E84-6489-41E5-BFE4-2C762D50739E}.Release|Mixed Platforms.ActiveCfg = Release|Any CPU
		{83E52E84-6489-41E5-BFE4-2C762D50739E}.Release|Mixed Platforms.Build.0 = Release|Any CPU
		{83E52E84-6489-41E5-BFE4-2C762D50739E}.Release|x86.ActiveCfg = Release|Any CPU
		{67F9D3A8-F71E-4428-913F-C37AE82CDB24}.Ad-Hoc|Any CPU.ActiveCfg = Release|Any CPU
		{67F9D3A8-F71E-4428-913F-C37AE82CDB24}.Ad-Hoc|Any CPU.Build.0 = Release|Any CPU
		{67F9D3A8-F71E-4428-913F-C37AE82CDB24}.Ad-Hoc|ARM.ActiveCfg = Release|Any CPU
		{67F9D3A8-F71E-4428-913F-C37AE82CDB24}.Ad-Hoc|iPhone.ActiveCfg = Release|Any CPU
		{67F9D3A8-F71E-4428-913F-C37AE82CDB24}.Ad-Hoc|iPhoneSimulator.ActiveCfg = Release|Any CPU
		{67F9D3A8-F71E-4428-913F-C37AE82CDB24}.Ad-Hoc|Mixed Platforms.ActiveCfg = Release|Any CPU
		{67F9D3A8-F71E-4428-913F-C37AE82CDB24}.Ad-Hoc|Mixed Platforms.Build.0 = Release|Any CPU
		{67F9D3A8-F71E-4428-913F-C37AE82CDB24}.Ad-Hoc|x86.ActiveCfg = Release|Any CPU
		{67F9D3A8-F71E-4428-913F-C37AE82CDB24}.AppStore|Any CPU.ActiveCfg = Release|Any CPU
		{67F9D3A8-F71E-4428-913F-C37AE82CDB24}.AppStore|Any CPU.Build.0 = Release|Any CPU
		{67F9D3A8-F71E-4428-913F-C37AE82CDB24}.AppStore|ARM.ActiveCfg = Release|Any CPU
		{67F9D3A8-F71E-4428-913F-C37AE82CDB24}.AppStore|iPhone.ActiveCfg = Release|Any CPU
		{67F9D3A8-F71E-4428-913F-C37AE82CDB24}.AppStore|iPhoneSimulator.ActiveCfg = Release|Any CPU
		{67F9D3A8-F71E-4428-913F-C37AE82CDB24}.AppStore|Mixed Platforms.ActiveCfg = Release|Any CPU
		{67F9D3A8-F71E-4428-913F-C37AE82CDB24}.AppStore|Mixed Platforms.Build.0 = Release|Any CPU
		{67F9D3A8-F71E-4428-913F-C37AE82CDB24}.AppStore|x86.ActiveCfg = Release|Any CPU
		{67F9D3A8-F71E-4428-913F-C37AE82CDB24}.Debug|Any CPU.ActiveCfg = Debug|Any CPU
		{67F9D3A8-F71E-4428-913F-C37AE82CDB24}.Debug|Any CPU.Build.0 = Debug|Any CPU
		{67F9D3A8-F71E-4428-913F-C37AE82CDB24}.Debug|ARM.ActiveCfg = Debug|Any CPU
		{67F9D3A8-F71E-4428-913F-C37AE82CDB24}.Debug|iPhone.ActiveCfg = Debug|Any CPU
		{67F9D3A8-F71E-4428-913F-C37AE82CDB24}.Debug|iPhoneSimulator.ActiveCfg = Debug|Any CPU
		{67F9D3A8-F71E-4428-913F-C37AE82CDB24}.Debug|Mixed Platforms.ActiveCfg = Debug|Any CPU
		{67F9D3A8-F71E-4428-913F-C37AE82CDB24}.Debug|Mixed Platforms.Build.0 = Debug|Any CPU
		{67F9D3A8-F71E-4428-913F-C37AE82CDB24}.Debug|x86.ActiveCfg = Debug|Any CPU
		{67F9D3A8-F71E-4428-913F-C37AE82CDB24}.Release|Any CPU.ActiveCfg = Release|Any CPU
		{67F9D3A8-F71E-4428-913F-C37AE82CDB24}.Release|Any CPU.Build.0 = Release|Any CPU
		{67F9D3A8-F71E-4428-913F-C37AE82CDB24}.Release|ARM.ActiveCfg = Release|Any CPU
		{67F9D3A8-F71E-4428-913F-C37AE82CDB24}.Release|iPhone.ActiveCfg = Release|Any CPU
		{67F9D3A8-F71E-4428-913F-C37AE82CDB24}.Release|iPhoneSimulator.ActiveCfg = Release|Any CPU
		{67F9D3A8-F71E-4428-913F-C37AE82CDB24}.Release|Mixed Platforms.ActiveCfg = Release|Any CPU
		{67F9D3A8-F71E-4428-913F-C37AE82CDB24}.Release|Mixed Platforms.Build.0 = Release|Any CPU
		{67F9D3A8-F71E-4428-913F-C37AE82CDB24}.Release|x86.ActiveCfg = Release|Any CPU
		{CCBE35C8-81C9-4728-8C2D-F2762BABF236}.Ad-Hoc|Any CPU.ActiveCfg = Release|Any CPU
		{CCBE35C8-81C9-4728-8C2D-F2762BABF236}.Ad-Hoc|Any CPU.Build.0 = Release|Any CPU
		{CCBE35C8-81C9-4728-8C2D-F2762BABF236}.Ad-Hoc|ARM.ActiveCfg = Release|Any CPU
		{CCBE35C8-81C9-4728-8C2D-F2762BABF236}.Ad-Hoc|iPhone.ActiveCfg = Release|Any CPU
		{CCBE35C8-81C9-4728-8C2D-F2762BABF236}.Ad-Hoc|iPhoneSimulator.ActiveCfg = Release|Any CPU
		{CCBE35C8-81C9-4728-8C2D-F2762BABF236}.Ad-Hoc|Mixed Platforms.ActiveCfg = Release|Any CPU
		{CCBE35C8-81C9-4728-8C2D-F2762BABF236}.Ad-Hoc|Mixed Platforms.Build.0 = Release|Any CPU
		{CCBE35C8-81C9-4728-8C2D-F2762BABF236}.Ad-Hoc|x86.ActiveCfg = Release|Any CPU
		{CCBE35C8-81C9-4728-8C2D-F2762BABF236}.AppStore|Any CPU.ActiveCfg = Release|Any CPU
		{CCBE35C8-81C9-4728-8C2D-F2762BABF236}.AppStore|Any CPU.Build.0 = Release|Any CPU
		{CCBE35C8-81C9-4728-8C2D-F2762BABF236}.AppStore|ARM.ActiveCfg = Release|Any CPU
		{CCBE35C8-81C9-4728-8C2D-F2762BABF236}.AppStore|iPhone.ActiveCfg = Release|Any CPU
		{CCBE35C8-81C9-4728-8C2D-F2762BABF236}.AppStore|iPhoneSimulator.ActiveCfg = Release|Any CPU
		{CCBE35C8-81C9-4728-8C2D-F2762BABF236}.AppStore|Mixed Platforms.ActiveCfg = Release|Any CPU
		{CCBE35C8-81C9-4728-8C2D-F2762BABF236}.AppStore|Mixed Platforms.Build.0 = Release|Any CPU
		{CCBE35C8-81C9-4728-8C2D-F2762BABF236}.AppStore|x86.ActiveCfg = Release|Any CPU
		{CCBE35C8-81C9-4728-8C2D-F2762BABF236}.Debug|Any CPU.ActiveCfg = Debug|Any CPU
		{CCBE35C8-81C9-4728-8C2D-F2762BABF236}.Debug|Any CPU.Build.0 = Debug|Any CPU
		{CCBE35C8-81C9-4728-8C2D-F2762BABF236}.Debug|ARM.ActiveCfg = Debug|Any CPU
		{CCBE35C8-81C9-4728-8C2D-F2762BABF236}.Debug|iPhone.ActiveCfg = Debug|Any CPU
		{CCBE35C8-81C9-4728-8C2D-F2762BABF236}.Debug|iPhoneSimulator.ActiveCfg = Debug|Any CPU
		{CCBE35C8-81C9-4728-8C2D-F2762BABF236}.Debug|Mixed Platforms.ActiveCfg = Debug|Any CPU
		{CCBE35C8-81C9-4728-8C2D-F2762BABF236}.Debug|Mixed Platforms.Build.0 = Debug|Any CPU
		{CCBE35C8-81C9-4728-8C2D-F2762BABF236}.Debug|x86.ActiveCfg = Debug|Any CPU
		{CCBE35C8-81C9-4728-8C2D-F2762BABF236}.Release|Any CPU.ActiveCfg = Release|Any CPU
		{CCBE35C8-81C9-4728-8C2D-F2762BABF236}.Release|Any CPU.Build.0 = Release|Any CPU
		{CCBE35C8-81C9-4728-8C2D-F2762BABF236}.Release|ARM.ActiveCfg = Release|Any CPU
		{CCBE35C8-81C9-4728-8C2D-F2762BABF236}.Release|iPhone.ActiveCfg = Release|Any CPU
		{CCBE35C8-81C9-4728-8C2D-F2762BABF236}.Release|iPhoneSimulator.ActiveCfg = Release|Any CPU
		{CCBE35C8-81C9-4728-8C2D-F2762BABF236}.Release|Mixed Platforms.ActiveCfg = Release|Any CPU
		{CCBE35C8-81C9-4728-8C2D-F2762BABF236}.Release|Mixed Platforms.Build.0 = Release|Any CPU
		{CCBE35C8-81C9-4728-8C2D-F2762BABF236}.Release|x86.ActiveCfg = Release|Any CPU
		{1D610EB8-8CE9-419A-9BBE-1C4D10E3DE8A}.Ad-Hoc|Any CPU.ActiveCfg = Release|Any CPU
		{1D610EB8-8CE9-419A-9BBE-1C4D10E3DE8A}.Ad-Hoc|Any CPU.Build.0 = Release|Any CPU
		{1D610EB8-8CE9-419A-9BBE-1C4D10E3DE8A}.Ad-Hoc|ARM.ActiveCfg = Release|Any CPU
		{1D610EB8-8CE9-419A-9BBE-1C4D10E3DE8A}.Ad-Hoc|iPhone.ActiveCfg = Release|Any CPU
		{1D610EB8-8CE9-419A-9BBE-1C4D10E3DE8A}.Ad-Hoc|iPhoneSimulator.ActiveCfg = Release|Any CPU
		{1D610EB8-8CE9-419A-9BBE-1C4D10E3DE8A}.Ad-Hoc|Mixed Platforms.ActiveCfg = Release|Any CPU
		{1D610EB8-8CE9-419A-9BBE-1C4D10E3DE8A}.Ad-Hoc|Mixed Platforms.Build.0 = Release|Any CPU
		{1D610EB8-8CE9-419A-9BBE-1C4D10E3DE8A}.Ad-Hoc|x86.ActiveCfg = Release|Any CPU
		{1D610EB8-8CE9-419A-9BBE-1C4D10E3DE8A}.AppStore|Any CPU.ActiveCfg = Release|Any CPU
		{1D610EB8-8CE9-419A-9BBE-1C4D10E3DE8A}.AppStore|Any CPU.Build.0 = Release|Any CPU
		{1D610EB8-8CE9-419A-9BBE-1C4D10E3DE8A}.AppStore|ARM.ActiveCfg = Release|Any CPU
		{1D610EB8-8CE9-419A-9BBE-1C4D10E3DE8A}.AppStore|iPhone.ActiveCfg = Release|Any CPU
		{1D610EB8-8CE9-419A-9BBE-1C4D10E3DE8A}.AppStore|iPhoneSimulator.ActiveCfg = Release|Any CPU
		{1D610EB8-8CE9-419A-9BBE-1C4D10E3DE8A}.AppStore|Mixed Platforms.ActiveCfg = Release|Any CPU
		{1D610EB8-8CE9-419A-9BBE-1C4D10E3DE8A}.AppStore|Mixed Platforms.Build.0 = Release|Any CPU
		{1D610EB8-8CE9-419A-9BBE-1C4D10E3DE8A}.AppStore|x86.ActiveCfg = Release|Any CPU
		{1D610EB8-8CE9-419A-9BBE-1C4D10E3DE8A}.Debug|Any CPU.ActiveCfg = Debug|Any CPU
		{1D610EB8-8CE9-419A-9BBE-1C4D10E3DE8A}.Debug|Any CPU.Build.0 = Debug|Any CPU
		{1D610EB8-8CE9-419A-9BBE-1C4D10E3DE8A}.Debug|ARM.ActiveCfg = Debug|Any CPU
		{1D610EB8-8CE9-419A-9BBE-1C4D10E3DE8A}.Debug|iPhone.ActiveCfg = Debug|Any CPU
		{1D610EB8-8CE9-419A-9BBE-1C4D10E3DE8A}.Debug|iPhoneSimulator.ActiveCfg = Debug|Any CPU
		{1D610EB8-8CE9-419A-9BBE-1C4D10E3DE8A}.Debug|Mixed Platforms.ActiveCfg = Debug|Any CPU
		{1D610EB8-8CE9-419A-9BBE-1C4D10E3DE8A}.Debug|Mixed Platforms.Build.0 = Debug|Any CPU
		{1D610EB8-8CE9-419A-9BBE-1C4D10E3DE8A}.Debug|x86.ActiveCfg = Debug|Any CPU
		{1D610EB8-8CE9-419A-9BBE-1C4D10E3DE8A}.Release|Any CPU.ActiveCfg = Release|Any CPU
		{1D610EB8-8CE9-419A-9BBE-1C4D10E3DE8A}.Release|Any CPU.Build.0 = Release|Any CPU
		{1D610EB8-8CE9-419A-9BBE-1C4D10E3DE8A}.Release|ARM.ActiveCfg = Release|Any CPU
		{1D610EB8-8CE9-419A-9BBE-1C4D10E3DE8A}.Release|iPhone.ActiveCfg = Release|Any CPU
		{1D610EB8-8CE9-419A-9BBE-1C4D10E3DE8A}.Release|iPhoneSimulator.ActiveCfg = Release|Any CPU
		{1D610EB8-8CE9-419A-9BBE-1C4D10E3DE8A}.Release|Mixed Platforms.ActiveCfg = Release|Any CPU
		{1D610EB8-8CE9-419A-9BBE-1C4D10E3DE8A}.Release|Mixed Platforms.Build.0 = Release|Any CPU
		{1D610EB8-8CE9-419A-9BBE-1C4D10E3DE8A}.Release|x86.ActiveCfg = Release|Any CPU
		{678C410A-C3CA-44E3-8736-D92414CCA0C1}.Ad-Hoc|Any CPU.ActiveCfg = Release|Any CPU
		{678C410A-C3CA-44E3-8736-D92414CCA0C1}.Ad-Hoc|Any CPU.Build.0 = Release|Any CPU
		{678C410A-C3CA-44E3-8736-D92414CCA0C1}.Ad-Hoc|ARM.ActiveCfg = Release|Any CPU
		{678C410A-C3CA-44E3-8736-D92414CCA0C1}.Ad-Hoc|iPhone.ActiveCfg = Release|Any CPU
		{678C410A-C3CA-44E3-8736-D92414CCA0C1}.Ad-Hoc|iPhoneSimulator.ActiveCfg = Release|Any CPU
		{678C410A-C3CA-44E3-8736-D92414CCA0C1}.Ad-Hoc|Mixed Platforms.ActiveCfg = Release|Any CPU
		{678C410A-C3CA-44E3-8736-D92414CCA0C1}.Ad-Hoc|Mixed Platforms.Build.0 = Release|Any CPU
		{678C410A-C3CA-44E3-8736-D92414CCA0C1}.Ad-Hoc|x86.ActiveCfg = Release|Any CPU
		{678C410A-C3CA-44E3-8736-D92414CCA0C1}.AppStore|Any CPU.ActiveCfg = Release|Any CPU
		{678C410A-C3CA-44E3-8736-D92414CCA0C1}.AppStore|Any CPU.Build.0 = Release|Any CPU
		{678C410A-C3CA-44E3-8736-D92414CCA0C1}.AppStore|ARM.ActiveCfg = Release|Any CPU
		{678C410A-C3CA-44E3-8736-D92414CCA0C1}.AppStore|iPhone.ActiveCfg = Release|Any CPU
		{678C410A-C3CA-44E3-8736-D92414CCA0C1}.AppStore|iPhoneSimulator.ActiveCfg = Release|Any CPU
		{678C410A-C3CA-44E3-8736-D92414CCA0C1}.AppStore|Mixed Platforms.ActiveCfg = Release|Any CPU
		{678C410A-C3CA-44E3-8736-D92414CCA0C1}.AppStore|Mixed Platforms.Build.0 = Release|Any CPU
		{678C410A-C3CA-44E3-8736-D92414CCA0C1}.AppStore|x86.ActiveCfg = Release|Any CPU
		{678C410A-C3CA-44E3-8736-D92414CCA0C1}.Debug|Any CPU.ActiveCfg = Debug|Any CPU
		{678C410A-C3CA-44E3-8736-D92414CCA0C1}.Debug|Any CPU.Build.0 = Debug|Any CPU
		{678C410A-C3CA-44E3-8736-D92414CCA0C1}.Debug|ARM.ActiveCfg = Debug|Any CPU
		{678C410A-C3CA-44E3-8736-D92414CCA0C1}.Debug|iPhone.ActiveCfg = Debug|Any CPU
		{678C410A-C3CA-44E3-8736-D92414CCA0C1}.Debug|iPhoneSimulator.ActiveCfg = Debug|Any CPU
		{678C410A-C3CA-44E3-8736-D92414CCA0C1}.Debug|Mixed Platforms.ActiveCfg = Debug|Any CPU
		{678C410A-C3CA-44E3-8736-D92414CCA0C1}.Debug|Mixed Platforms.Build.0 = Debug|Any CPU
		{678C410A-C3CA-44E3-8736-D92414CCA0C1}.Debug|x86.ActiveCfg = Debug|Any CPU
		{678C410A-C3CA-44E3-8736-D92414CCA0C1}.Release|Any CPU.ActiveCfg = Release|Any CPU
		{678C410A-C3CA-44E3-8736-D92414CCA0C1}.Release|Any CPU.Build.0 = Release|Any CPU
		{678C410A-C3CA-44E3-8736-D92414CCA0C1}.Release|ARM.ActiveCfg = Release|Any CPU
		{678C410A-C3CA-44E3-8736-D92414CCA0C1}.Release|iPhone.ActiveCfg = Release|Any CPU
		{678C410A-C3CA-44E3-8736-D92414CCA0C1}.Release|iPhoneSimulator.ActiveCfg = Release|Any CPU
		{678C410A-C3CA-44E3-8736-D92414CCA0C1}.Release|Mixed Platforms.ActiveCfg = Release|Any CPU
		{678C410A-C3CA-44E3-8736-D92414CCA0C1}.Release|Mixed Platforms.Build.0 = Release|Any CPU
		{678C410A-C3CA-44E3-8736-D92414CCA0C1}.Release|x86.ActiveCfg = Release|Any CPU
		{84E0E9E3-EE65-4B89-B0DE-E9559603DB6C}.Ad-Hoc|Any CPU.ActiveCfg = Release|Any CPU
		{84E0E9E3-EE65-4B89-B0DE-E9559603DB6C}.Ad-Hoc|Any CPU.Build.0 = Release|Any CPU
		{84E0E9E3-EE65-4B89-B0DE-E9559603DB6C}.Ad-Hoc|ARM.ActiveCfg = Release|ARM
		{84E0E9E3-EE65-4B89-B0DE-E9559603DB6C}.Ad-Hoc|ARM.Build.0 = Release|ARM
		{84E0E9E3-EE65-4B89-B0DE-E9559603DB6C}.Ad-Hoc|iPhone.ActiveCfg = Release|Any CPU
		{84E0E9E3-EE65-4B89-B0DE-E9559603DB6C}.Ad-Hoc|iPhoneSimulator.ActiveCfg = Release|Any CPU
		{84E0E9E3-EE65-4B89-B0DE-E9559603DB6C}.Ad-Hoc|Mixed Platforms.ActiveCfg = Release|x86
		{84E0E9E3-EE65-4B89-B0DE-E9559603DB6C}.Ad-Hoc|Mixed Platforms.Build.0 = Release|x86
		{84E0E9E3-EE65-4B89-B0DE-E9559603DB6C}.Ad-Hoc|x86.ActiveCfg = Release|x86
		{84E0E9E3-EE65-4B89-B0DE-E9559603DB6C}.Ad-Hoc|x86.Build.0 = Release|x86
		{84E0E9E3-EE65-4B89-B0DE-E9559603DB6C}.AppStore|Any CPU.ActiveCfg = Release|Any CPU
		{84E0E9E3-EE65-4B89-B0DE-E9559603DB6C}.AppStore|Any CPU.Build.0 = Release|Any CPU
		{84E0E9E3-EE65-4B89-B0DE-E9559603DB6C}.AppStore|ARM.ActiveCfg = Release|ARM
		{84E0E9E3-EE65-4B89-B0DE-E9559603DB6C}.AppStore|ARM.Build.0 = Release|ARM
		{84E0E9E3-EE65-4B89-B0DE-E9559603DB6C}.AppStore|iPhone.ActiveCfg = Release|Any CPU
		{84E0E9E3-EE65-4B89-B0DE-E9559603DB6C}.AppStore|iPhoneSimulator.ActiveCfg = Release|Any CPU
		{84E0E9E3-EE65-4B89-B0DE-E9559603DB6C}.AppStore|Mixed Platforms.ActiveCfg = Release|x86
		{84E0E9E3-EE65-4B89-B0DE-E9559603DB6C}.AppStore|Mixed Platforms.Build.0 = Release|x86
		{84E0E9E3-EE65-4B89-B0DE-E9559603DB6C}.AppStore|x86.ActiveCfg = Release|x86
		{84E0E9E3-EE65-4B89-B0DE-E9559603DB6C}.AppStore|x86.Build.0 = Release|x86
		{84E0E9E3-EE65-4B89-B0DE-E9559603DB6C}.Debug|Any CPU.ActiveCfg = Debug|Any CPU
		{84E0E9E3-EE65-4B89-B0DE-E9559603DB6C}.Debug|Any CPU.Build.0 = Debug|Any CPU
		{84E0E9E3-EE65-4B89-B0DE-E9559603DB6C}.Debug|ARM.ActiveCfg = Debug|ARM
		{84E0E9E3-EE65-4B89-B0DE-E9559603DB6C}.Debug|ARM.Build.0 = Debug|ARM
		{84E0E9E3-EE65-4B89-B0DE-E9559603DB6C}.Debug|iPhone.ActiveCfg = Debug|Any CPU
		{84E0E9E3-EE65-4B89-B0DE-E9559603DB6C}.Debug|iPhoneSimulator.ActiveCfg = Debug|Any CPU
		{84E0E9E3-EE65-4B89-B0DE-E9559603DB6C}.Debug|Mixed Platforms.ActiveCfg = Debug|x86
		{84E0E9E3-EE65-4B89-B0DE-E9559603DB6C}.Debug|Mixed Platforms.Build.0 = Debug|x86
		{84E0E9E3-EE65-4B89-B0DE-E9559603DB6C}.Debug|x86.ActiveCfg = Debug|x86
		{84E0E9E3-EE65-4B89-B0DE-E9559603DB6C}.Debug|x86.Build.0 = Debug|x86
		{84E0E9E3-EE65-4B89-B0DE-E9559603DB6C}.Release|Any CPU.ActiveCfg = Release|Any CPU
		{84E0E9E3-EE65-4B89-B0DE-E9559603DB6C}.Release|Any CPU.Build.0 = Release|Any CPU
		{84E0E9E3-EE65-4B89-B0DE-E9559603DB6C}.Release|ARM.ActiveCfg = Release|ARM
		{84E0E9E3-EE65-4B89-B0DE-E9559603DB6C}.Release|ARM.Build.0 = Release|ARM
		{84E0E9E3-EE65-4B89-B0DE-E9559603DB6C}.Release|iPhone.ActiveCfg = Release|Any CPU
		{84E0E9E3-EE65-4B89-B0DE-E9559603DB6C}.Release|iPhoneSimulator.ActiveCfg = Release|Any CPU
		{84E0E9E3-EE65-4B89-B0DE-E9559603DB6C}.Release|Mixed Platforms.ActiveCfg = Release|x86
		{84E0E9E3-EE65-4B89-B0DE-E9559603DB6C}.Release|Mixed Platforms.Build.0 = Release|x86
		{84E0E9E3-EE65-4B89-B0DE-E9559603DB6C}.Release|x86.ActiveCfg = Release|x86
		{84E0E9E3-EE65-4B89-B0DE-E9559603DB6C}.Release|x86.Build.0 = Release|x86
		{82F1F843-1424-4152-BF8F-59596DBB022F}.Ad-Hoc|Any CPU.ActiveCfg = Release|Any CPU
		{82F1F843-1424-4152-BF8F-59596DBB022F}.Ad-Hoc|Any CPU.Build.0 = Release|Any CPU
		{82F1F843-1424-4152-BF8F-59596DBB022F}.Ad-Hoc|ARM.ActiveCfg = Release|Any CPU
		{82F1F843-1424-4152-BF8F-59596DBB022F}.Ad-Hoc|iPhone.ActiveCfg = Release|Any CPU
		{82F1F843-1424-4152-BF8F-59596DBB022F}.Ad-Hoc|iPhoneSimulator.ActiveCfg = Release|Any CPU
		{82F1F843-1424-4152-BF8F-59596DBB022F}.Ad-Hoc|Mixed Platforms.ActiveCfg = Release|Any CPU
		{82F1F843-1424-4152-BF8F-59596DBB022F}.Ad-Hoc|Mixed Platforms.Build.0 = Release|Any CPU
		{82F1F843-1424-4152-BF8F-59596DBB022F}.Ad-Hoc|x86.ActiveCfg = Release|Any CPU
		{82F1F843-1424-4152-BF8F-59596DBB022F}.AppStore|Any CPU.ActiveCfg = Release|Any CPU
		{82F1F843-1424-4152-BF8F-59596DBB022F}.AppStore|Any CPU.Build.0 = Release|Any CPU
		{82F1F843-1424-4152-BF8F-59596DBB022F}.AppStore|ARM.ActiveCfg = Release|Any CPU
		{82F1F843-1424-4152-BF8F-59596DBB022F}.AppStore|iPhone.ActiveCfg = Release|Any CPU
		{82F1F843-1424-4152-BF8F-59596DBB022F}.AppStore|iPhoneSimulator.ActiveCfg = Release|Any CPU
		{82F1F843-1424-4152-BF8F-59596DBB022F}.AppStore|Mixed Platforms.ActiveCfg = Release|Any CPU
		{82F1F843-1424-4152-BF8F-59596DBB022F}.AppStore|Mixed Platforms.Build.0 = Release|Any CPU
		{82F1F843-1424-4152-BF8F-59596DBB022F}.AppStore|x86.ActiveCfg = Release|Any CPU
		{82F1F843-1424-4152-BF8F-59596DBB022F}.Debug|Any CPU.ActiveCfg = Debug|Any CPU
		{82F1F843-1424-4152-BF8F-59596DBB022F}.Debug|Any CPU.Build.0 = Debug|Any CPU
		{82F1F843-1424-4152-BF8F-59596DBB022F}.Debug|ARM.ActiveCfg = Debug|Any CPU
		{82F1F843-1424-4152-BF8F-59596DBB022F}.Debug|iPhone.ActiveCfg = Debug|Any CPU
		{82F1F843-1424-4152-BF8F-59596DBB022F}.Debug|iPhoneSimulator.ActiveCfg = Debug|Any CPU
		{82F1F843-1424-4152-BF8F-59596DBB022F}.Debug|Mixed Platforms.ActiveCfg = Debug|Any CPU
		{82F1F843-1424-4152-BF8F-59596DBB022F}.Debug|Mixed Platforms.Build.0 = Debug|Any CPU
		{82F1F843-1424-4152-BF8F-59596DBB022F}.Debug|x86.ActiveCfg = Debug|Any CPU
		{82F1F843-1424-4152-BF8F-59596DBB022F}.Release|Any CPU.ActiveCfg = Release|Any CPU
		{82F1F843-1424-4152-BF8F-59596DBB022F}.Release|Any CPU.Build.0 = Release|Any CPU
		{82F1F843-1424-4152-BF8F-59596DBB022F}.Release|ARM.ActiveCfg = Release|Any CPU
		{82F1F843-1424-4152-BF8F-59596DBB022F}.Release|iPhone.ActiveCfg = Release|Any CPU
		{82F1F843-1424-4152-BF8F-59596DBB022F}.Release|iPhoneSimulator.ActiveCfg = Release|Any CPU
		{82F1F843-1424-4152-BF8F-59596DBB022F}.Release|Mixed Platforms.ActiveCfg = Release|Any CPU
		{82F1F843-1424-4152-BF8F-59596DBB022F}.Release|Mixed Platforms.Build.0 = Release|Any CPU
		{82F1F843-1424-4152-BF8F-59596DBB022F}.Release|x86.ActiveCfg = Release|Any CPU
		{64C28713-8BE4-4C10-B184-98DBF554FE33}.Ad-Hoc|Any CPU.ActiveCfg = Ad-Hoc|iPhone
		{64C28713-8BE4-4C10-B184-98DBF554FE33}.Ad-Hoc|ARM.ActiveCfg = Ad-Hoc|iPhone
		{64C28713-8BE4-4C10-B184-98DBF554FE33}.Ad-Hoc|iPhone.ActiveCfg = Ad-Hoc|iPhone
		{64C28713-8BE4-4C10-B184-98DBF554FE33}.Ad-Hoc|iPhone.Build.0 = Ad-Hoc|iPhone
		{64C28713-8BE4-4C10-B184-98DBF554FE33}.Ad-Hoc|iPhoneSimulator.ActiveCfg = Ad-Hoc|iPhoneSimulator
		{64C28713-8BE4-4C10-B184-98DBF554FE33}.Ad-Hoc|iPhoneSimulator.Build.0 = Ad-Hoc|iPhoneSimulator
		{64C28713-8BE4-4C10-B184-98DBF554FE33}.Ad-Hoc|Mixed Platforms.ActiveCfg = Ad-Hoc|iPhone
		{64C28713-8BE4-4C10-B184-98DBF554FE33}.Ad-Hoc|Mixed Platforms.Build.0 = Ad-Hoc|iPhone
		{64C28713-8BE4-4C10-B184-98DBF554FE33}.Ad-Hoc|x86.ActiveCfg = Ad-Hoc|iPhone
		{64C28713-8BE4-4C10-B184-98DBF554FE33}.AppStore|Any CPU.ActiveCfg = AppStore|iPhone
		{64C28713-8BE4-4C10-B184-98DBF554FE33}.AppStore|ARM.ActiveCfg = AppStore|iPhone
		{64C28713-8BE4-4C10-B184-98DBF554FE33}.AppStore|iPhone.ActiveCfg = AppStore|iPhone
		{64C28713-8BE4-4C10-B184-98DBF554FE33}.AppStore|iPhone.Build.0 = AppStore|iPhone
		{64C28713-8BE4-4C10-B184-98DBF554FE33}.AppStore|iPhoneSimulator.ActiveCfg = AppStore|iPhoneSimulator
		{64C28713-8BE4-4C10-B184-98DBF554FE33}.AppStore|iPhoneSimulator.Build.0 = AppStore|iPhoneSimulator
		{64C28713-8BE4-4C10-B184-98DBF554FE33}.AppStore|Mixed Platforms.ActiveCfg = AppStore|iPhone
		{64C28713-8BE4-4C10-B184-98DBF554FE33}.AppStore|Mixed Platforms.Build.0 = AppStore|iPhone
		{64C28713-8BE4-4C10-B184-98DBF554FE33}.AppStore|x86.ActiveCfg = AppStore|iPhone
		{64C28713-8BE4-4C10-B184-98DBF554FE33}.Debug|Any CPU.ActiveCfg = Debug|iPhone
		{64C28713-8BE4-4C10-B184-98DBF554FE33}.Debug|ARM.ActiveCfg = Debug|iPhone
		{64C28713-8BE4-4C10-B184-98DBF554FE33}.Debug|iPhone.ActiveCfg = Debug|iPhone
		{64C28713-8BE4-4C10-B184-98DBF554FE33}.Debug|iPhone.Build.0 = Debug|iPhone
		{64C28713-8BE4-4C10-B184-98DBF554FE33}.Debug|iPhoneSimulator.ActiveCfg = Debug|iPhoneSimulator
		{64C28713-8BE4-4C10-B184-98DBF554FE33}.Debug|iPhoneSimulator.Build.0 = Debug|iPhoneSimulator
		{64C28713-8BE4-4C10-B184-98DBF554FE33}.Debug|Mixed Platforms.ActiveCfg = Debug|iPhone
		{64C28713-8BE4-4C10-B184-98DBF554FE33}.Debug|Mixed Platforms.Build.0 = Debug|iPhone
		{64C28713-8BE4-4C10-B184-98DBF554FE33}.Debug|x86.ActiveCfg = Debug|iPhone
		{64C28713-8BE4-4C10-B184-98DBF554FE33}.Release|Any CPU.ActiveCfg = Release|iPhone
		{64C28713-8BE4-4C10-B184-98DBF554FE33}.Release|ARM.ActiveCfg = Release|iPhone
		{64C28713-8BE4-4C10-B184-98DBF554FE33}.Release|iPhone.ActiveCfg = Release|iPhone
		{64C28713-8BE4-4C10-B184-98DBF554FE33}.Release|iPhone.Build.0 = Release|iPhone
		{64C28713-8BE4-4C10-B184-98DBF554FE33}.Release|iPhoneSimulator.ActiveCfg = Release|iPhoneSimulator
		{64C28713-8BE4-4C10-B184-98DBF554FE33}.Release|iPhoneSimulator.Build.0 = Release|iPhoneSimulator
		{64C28713-8BE4-4C10-B184-98DBF554FE33}.Release|Mixed Platforms.ActiveCfg = Release|iPhone
		{64C28713-8BE4-4C10-B184-98DBF554FE33}.Release|Mixed Platforms.Build.0 = Release|iPhone
		{64C28713-8BE4-4C10-B184-98DBF554FE33}.Release|x86.ActiveCfg = Release|iPhone
		{36A47471-B87F-46A1-9E40-C6462754B89A}.Ad-Hoc|Any CPU.ActiveCfg = Release|Any CPU
		{36A47471-B87F-46A1-9E40-C6462754B89A}.Ad-Hoc|Any CPU.Build.0 = Release|Any CPU
		{36A47471-B87F-46A1-9E40-C6462754B89A}.Ad-Hoc|Any CPU.Deploy.0 = Release|Any CPU
		{36A47471-B87F-46A1-9E40-C6462754B89A}.Ad-Hoc|ARM.ActiveCfg = Release|Any CPU
		{36A47471-B87F-46A1-9E40-C6462754B89A}.Ad-Hoc|iPhone.ActiveCfg = Release|Any CPU
		{36A47471-B87F-46A1-9E40-C6462754B89A}.Ad-Hoc|iPhoneSimulator.ActiveCfg = Release|Any CPU
		{36A47471-B87F-46A1-9E40-C6462754B89A}.Ad-Hoc|Mixed Platforms.ActiveCfg = Release|Any CPU
		{36A47471-B87F-46A1-9E40-C6462754B89A}.Ad-Hoc|Mixed Platforms.Build.0 = Release|Any CPU
		{36A47471-B87F-46A1-9E40-C6462754B89A}.Ad-Hoc|Mixed Platforms.Deploy.0 = Release|Any CPU
		{36A47471-B87F-46A1-9E40-C6462754B89A}.Ad-Hoc|x86.ActiveCfg = Release|Any CPU
		{36A47471-B87F-46A1-9E40-C6462754B89A}.AppStore|Any CPU.ActiveCfg = Release|Any CPU
		{36A47471-B87F-46A1-9E40-C6462754B89A}.AppStore|Any CPU.Build.0 = Release|Any CPU
		{36A47471-B87F-46A1-9E40-C6462754B89A}.AppStore|Any CPU.Deploy.0 = Release|Any CPU
		{36A47471-B87F-46A1-9E40-C6462754B89A}.AppStore|ARM.ActiveCfg = Release|Any CPU
		{36A47471-B87F-46A1-9E40-C6462754B89A}.AppStore|iPhone.ActiveCfg = Release|Any CPU
		{36A47471-B87F-46A1-9E40-C6462754B89A}.AppStore|iPhoneSimulator.ActiveCfg = Release|Any CPU
		{36A47471-B87F-46A1-9E40-C6462754B89A}.AppStore|Mixed Platforms.ActiveCfg = Release|Any CPU
		{36A47471-B87F-46A1-9E40-C6462754B89A}.AppStore|Mixed Platforms.Build.0 = Release|Any CPU
		{36A47471-B87F-46A1-9E40-C6462754B89A}.AppStore|Mixed Platforms.Deploy.0 = Release|Any CPU
		{36A47471-B87F-46A1-9E40-C6462754B89A}.AppStore|x86.ActiveCfg = Release|Any CPU
		{36A47471-B87F-46A1-9E40-C6462754B89A}.Debug|Any CPU.ActiveCfg = Debug|Any CPU
		{36A47471-B87F-46A1-9E40-C6462754B89A}.Debug|Any CPU.Build.0 = Debug|Any CPU
		{36A47471-B87F-46A1-9E40-C6462754B89A}.Debug|Any CPU.Deploy.0 = Debug|Any CPU
		{36A47471-B87F-46A1-9E40-C6462754B89A}.Debug|ARM.ActiveCfg = Debug|Any CPU
		{36A47471-B87F-46A1-9E40-C6462754B89A}.Debug|iPhone.ActiveCfg = Debug|Any CPU
		{36A47471-B87F-46A1-9E40-C6462754B89A}.Debug|iPhoneSimulator.ActiveCfg = Debug|Any CPU
		{36A47471-B87F-46A1-9E40-C6462754B89A}.Debug|Mixed Platforms.ActiveCfg = Debug|Any CPU
		{36A47471-B87F-46A1-9E40-C6462754B89A}.Debug|Mixed Platforms.Build.0 = Debug|Any CPU
		{36A47471-B87F-46A1-9E40-C6462754B89A}.Debug|Mixed Platforms.Deploy.0 = Debug|Any CPU
		{36A47471-B87F-46A1-9E40-C6462754B89A}.Debug|x86.ActiveCfg = Debug|Any CPU
		{36A47471-B87F-46A1-9E40-C6462754B89A}.Release|Any CPU.ActiveCfg = Release|Any CPU
		{36A47471-B87F-46A1-9E40-C6462754B89A}.Release|Any CPU.Build.0 = Release|Any CPU
		{36A47471-B87F-46A1-9E40-C6462754B89A}.Release|Any CPU.Deploy.0 = Release|Any CPU
		{36A47471-B87F-46A1-9E40-C6462754B89A}.Release|ARM.ActiveCfg = Release|Any CPU
		{36A47471-B87F-46A1-9E40-C6462754B89A}.Release|iPhone.ActiveCfg = Release|Any CPU
		{36A47471-B87F-46A1-9E40-C6462754B89A}.Release|iPhoneSimulator.ActiveCfg = Release|Any CPU
		{36A47471-B87F-46A1-9E40-C6462754B89A}.Release|Mixed Platforms.ActiveCfg = Release|Any CPU
		{36A47471-B87F-46A1-9E40-C6462754B89A}.Release|Mixed Platforms.Build.0 = Release|Any CPU
		{36A47471-B87F-46A1-9E40-C6462754B89A}.Release|Mixed Platforms.Deploy.0 = Release|Any CPU
		{36A47471-B87F-46A1-9E40-C6462754B89A}.Release|x86.ActiveCfg = Release|Any CPU
		{6105C77D-881B-4E40-ADE2-F0CECD63DECF}.Ad-Hoc|Any CPU.ActiveCfg = Release|Any CPU
		{6105C77D-881B-4E40-ADE2-F0CECD63DECF}.Ad-Hoc|Any CPU.Build.0 = Release|Any CPU
		{6105C77D-881B-4E40-ADE2-F0CECD63DECF}.Ad-Hoc|Any CPU.Deploy.0 = Release|Any CPU
		{6105C77D-881B-4E40-ADE2-F0CECD63DECF}.Ad-Hoc|ARM.ActiveCfg = Release|ARM
		{6105C77D-881B-4E40-ADE2-F0CECD63DECF}.Ad-Hoc|ARM.Build.0 = Release|ARM
		{6105C77D-881B-4E40-ADE2-F0CECD63DECF}.Ad-Hoc|ARM.Deploy.0 = Release|ARM
		{6105C77D-881B-4E40-ADE2-F0CECD63DECF}.Ad-Hoc|iPhone.ActiveCfg = Release|Any CPU
		{6105C77D-881B-4E40-ADE2-F0CECD63DECF}.Ad-Hoc|iPhoneSimulator.ActiveCfg = Release|Any CPU
		{6105C77D-881B-4E40-ADE2-F0CECD63DECF}.Ad-Hoc|Mixed Platforms.ActiveCfg = Release|x86
		{6105C77D-881B-4E40-ADE2-F0CECD63DECF}.Ad-Hoc|Mixed Platforms.Build.0 = Release|x86
		{6105C77D-881B-4E40-ADE2-F0CECD63DECF}.Ad-Hoc|Mixed Platforms.Deploy.0 = Release|x86
		{6105C77D-881B-4E40-ADE2-F0CECD63DECF}.Ad-Hoc|x86.ActiveCfg = Release|x86
		{6105C77D-881B-4E40-ADE2-F0CECD63DECF}.Ad-Hoc|x86.Build.0 = Release|x86
		{6105C77D-881B-4E40-ADE2-F0CECD63DECF}.Ad-Hoc|x86.Deploy.0 = Release|x86
		{6105C77D-881B-4E40-ADE2-F0CECD63DECF}.AppStore|Any CPU.ActiveCfg = Release|Any CPU
		{6105C77D-881B-4E40-ADE2-F0CECD63DECF}.AppStore|Any CPU.Build.0 = Release|Any CPU
		{6105C77D-881B-4E40-ADE2-F0CECD63DECF}.AppStore|Any CPU.Deploy.0 = Release|Any CPU
		{6105C77D-881B-4E40-ADE2-F0CECD63DECF}.AppStore|ARM.ActiveCfg = Release|ARM
		{6105C77D-881B-4E40-ADE2-F0CECD63DECF}.AppStore|ARM.Build.0 = Release|ARM
		{6105C77D-881B-4E40-ADE2-F0CECD63DECF}.AppStore|ARM.Deploy.0 = Release|ARM
		{6105C77D-881B-4E40-ADE2-F0CECD63DECF}.AppStore|iPhone.ActiveCfg = Release|Any CPU
		{6105C77D-881B-4E40-ADE2-F0CECD63DECF}.AppStore|iPhoneSimulator.ActiveCfg = Release|Any CPU
		{6105C77D-881B-4E40-ADE2-F0CECD63DECF}.AppStore|Mixed Platforms.ActiveCfg = Release|x86
		{6105C77D-881B-4E40-ADE2-F0CECD63DECF}.AppStore|Mixed Platforms.Build.0 = Release|x86
		{6105C77D-881B-4E40-ADE2-F0CECD63DECF}.AppStore|Mixed Platforms.Deploy.0 = Release|x86
		{6105C77D-881B-4E40-ADE2-F0CECD63DECF}.AppStore|x86.ActiveCfg = Release|x86
		{6105C77D-881B-4E40-ADE2-F0CECD63DECF}.AppStore|x86.Build.0 = Release|x86
		{6105C77D-881B-4E40-ADE2-F0CECD63DECF}.AppStore|x86.Deploy.0 = Release|x86
		{6105C77D-881B-4E40-ADE2-F0CECD63DECF}.Debug|Any CPU.ActiveCfg = Debug|Any CPU
		{6105C77D-881B-4E40-ADE2-F0CECD63DECF}.Debug|Any CPU.Build.0 = Debug|Any CPU
		{6105C77D-881B-4E40-ADE2-F0CECD63DECF}.Debug|Any CPU.Deploy.0 = Debug|Any CPU
		{6105C77D-881B-4E40-ADE2-F0CECD63DECF}.Debug|ARM.ActiveCfg = Debug|ARM
		{6105C77D-881B-4E40-ADE2-F0CECD63DECF}.Debug|ARM.Build.0 = Debug|ARM
		{6105C77D-881B-4E40-ADE2-F0CECD63DECF}.Debug|ARM.Deploy.0 = Debug|ARM
		{6105C77D-881B-4E40-ADE2-F0CECD63DECF}.Debug|iPhone.ActiveCfg = Debug|Any CPU
		{6105C77D-881B-4E40-ADE2-F0CECD63DECF}.Debug|iPhoneSimulator.ActiveCfg = Debug|Any CPU
		{6105C77D-881B-4E40-ADE2-F0CECD63DECF}.Debug|Mixed Platforms.ActiveCfg = Debug|x86
		{6105C77D-881B-4E40-ADE2-F0CECD63DECF}.Debug|Mixed Platforms.Build.0 = Debug|x86
		{6105C77D-881B-4E40-ADE2-F0CECD63DECF}.Debug|Mixed Platforms.Deploy.0 = Debug|x86
		{6105C77D-881B-4E40-ADE2-F0CECD63DECF}.Debug|x86.ActiveCfg = Debug|x86
		{6105C77D-881B-4E40-ADE2-F0CECD63DECF}.Debug|x86.Build.0 = Debug|x86
		{6105C77D-881B-4E40-ADE2-F0CECD63DECF}.Debug|x86.Deploy.0 = Debug|x86
		{6105C77D-881B-4E40-ADE2-F0CECD63DECF}.Release|Any CPU.ActiveCfg = Release|Any CPU
		{6105C77D-881B-4E40-ADE2-F0CECD63DECF}.Release|Any CPU.Build.0 = Release|Any CPU
		{6105C77D-881B-4E40-ADE2-F0CECD63DECF}.Release|Any CPU.Deploy.0 = Release|Any CPU
		{6105C77D-881B-4E40-ADE2-F0CECD63DECF}.Release|ARM.ActiveCfg = Release|ARM
		{6105C77D-881B-4E40-ADE2-F0CECD63DECF}.Release|ARM.Build.0 = Release|ARM
		{6105C77D-881B-4E40-ADE2-F0CECD63DECF}.Release|ARM.Deploy.0 = Release|ARM
		{6105C77D-881B-4E40-ADE2-F0CECD63DECF}.Release|iPhone.ActiveCfg = Release|Any CPU
		{6105C77D-881B-4E40-ADE2-F0CECD63DECF}.Release|iPhoneSimulator.ActiveCfg = Release|Any CPU
		{6105C77D-881B-4E40-ADE2-F0CECD63DECF}.Release|Mixed Platforms.ActiveCfg = Release|x86
		{6105C77D-881B-4E40-ADE2-F0CECD63DECF}.Release|Mixed Platforms.Build.0 = Release|x86
		{6105C77D-881B-4E40-ADE2-F0CECD63DECF}.Release|Mixed Platforms.Deploy.0 = Release|x86
		{6105C77D-881B-4E40-ADE2-F0CECD63DECF}.Release|x86.ActiveCfg = Release|x86
		{6105C77D-881B-4E40-ADE2-F0CECD63DECF}.Release|x86.Build.0 = Release|x86
		{6105C77D-881B-4E40-ADE2-F0CECD63DECF}.Release|x86.Deploy.0 = Release|x86
		{9919756D-8CF1-4F7B-BA96-BDB435AB03D3}.Ad-Hoc|Any CPU.ActiveCfg = Release|Any CPU
		{9919756D-8CF1-4F7B-BA96-BDB435AB03D3}.Ad-Hoc|Any CPU.Build.0 = Release|Any CPU
		{9919756D-8CF1-4F7B-BA96-BDB435AB03D3}.Ad-Hoc|ARM.ActiveCfg = Release|Any CPU
		{9919756D-8CF1-4F7B-BA96-BDB435AB03D3}.Ad-Hoc|iPhone.ActiveCfg = Release|Any CPU
		{9919756D-8CF1-4F7B-BA96-BDB435AB03D3}.Ad-Hoc|iPhoneSimulator.ActiveCfg = Release|Any CPU
		{9919756D-8CF1-4F7B-BA96-BDB435AB03D3}.Ad-Hoc|Mixed Platforms.ActiveCfg = Release|Any CPU
		{9919756D-8CF1-4F7B-BA96-BDB435AB03D3}.Ad-Hoc|Mixed Platforms.Build.0 = Release|Any CPU
		{9919756D-8CF1-4F7B-BA96-BDB435AB03D3}.Ad-Hoc|x86.ActiveCfg = Release|Any CPU
		{9919756D-8CF1-4F7B-BA96-BDB435AB03D3}.AppStore|Any CPU.ActiveCfg = Release|Any CPU
		{9919756D-8CF1-4F7B-BA96-BDB435AB03D3}.AppStore|Any CPU.Build.0 = Release|Any CPU
		{9919756D-8CF1-4F7B-BA96-BDB435AB03D3}.AppStore|ARM.ActiveCfg = Release|Any CPU
		{9919756D-8CF1-4F7B-BA96-BDB435AB03D3}.AppStore|iPhone.ActiveCfg = Release|Any CPU
		{9919756D-8CF1-4F7B-BA96-BDB435AB03D3}.AppStore|iPhoneSimulator.ActiveCfg = Release|Any CPU
		{9919756D-8CF1-4F7B-BA96-BDB435AB03D3}.AppStore|Mixed Platforms.ActiveCfg = Release|Any CPU
		{9919756D-8CF1-4F7B-BA96-BDB435AB03D3}.AppStore|Mixed Platforms.Build.0 = Release|Any CPU
		{9919756D-8CF1-4F7B-BA96-BDB435AB03D3}.AppStore|x86.ActiveCfg = Release|Any CPU
		{9919756D-8CF1-4F7B-BA96-BDB435AB03D3}.Debug|Any CPU.ActiveCfg = Debug|Any CPU
		{9919756D-8CF1-4F7B-BA96-BDB435AB03D3}.Debug|Any CPU.Build.0 = Debug|Any CPU
		{9919756D-8CF1-4F7B-BA96-BDB435AB03D3}.Debug|ARM.ActiveCfg = Debug|Any CPU
		{9919756D-8CF1-4F7B-BA96-BDB435AB03D3}.Debug|iPhone.ActiveCfg = Debug|Any CPU
		{9919756D-8CF1-4F7B-BA96-BDB435AB03D3}.Debug|iPhoneSimulator.ActiveCfg = Debug|Any CPU
		{9919756D-8CF1-4F7B-BA96-BDB435AB03D3}.Debug|Mixed Platforms.ActiveCfg = Debug|Any CPU
		{9919756D-8CF1-4F7B-BA96-BDB435AB03D3}.Debug|Mixed Platforms.Build.0 = Debug|Any CPU
		{9919756D-8CF1-4F7B-BA96-BDB435AB03D3}.Debug|x86.ActiveCfg = Debug|Any CPU
		{9919756D-8CF1-4F7B-BA96-BDB435AB03D3}.Release|Any CPU.ActiveCfg = Release|Any CPU
		{9919756D-8CF1-4F7B-BA96-BDB435AB03D3}.Release|Any CPU.Build.0 = Release|Any CPU
		{9919756D-8CF1-4F7B-BA96-BDB435AB03D3}.Release|ARM.ActiveCfg = Release|Any CPU
		{9919756D-8CF1-4F7B-BA96-BDB435AB03D3}.Release|iPhone.ActiveCfg = Release|Any CPU
		{9919756D-8CF1-4F7B-BA96-BDB435AB03D3}.Release|iPhoneSimulator.ActiveCfg = Release|Any CPU
		{9919756D-8CF1-4F7B-BA96-BDB435AB03D3}.Release|Mixed Platforms.ActiveCfg = Release|Any CPU
		{9919756D-8CF1-4F7B-BA96-BDB435AB03D3}.Release|Mixed Platforms.Build.0 = Release|Any CPU
		{9919756D-8CF1-4F7B-BA96-BDB435AB03D3}.Release|x86.ActiveCfg = Release|Any CPU
	EndGlobalSection
	GlobalSection(SolutionProperties) = preSolution
		HideSolutionNode = FALSE
	EndGlobalSection
	GlobalSection(NestedProjects) = preSolution
		{83E52E84-6489-41E5-BFE4-2C762D50739E} = {8C21BBEA-FA13-4998-AB31-BDBF97F68406}
		{67F9D3A8-F71E-4428-913F-C37AE82CDB24} = {8C21BBEA-FA13-4998-AB31-BDBF97F68406}
		{CCBE35C8-81C9-4728-8C2D-F2762BABF236} = {2020B60C-0202-4FEC-8E78-F18588716196}
		{1D610EB8-8CE9-419A-9BBE-1C4D10E3DE8A} = {2020B60C-0202-4FEC-8E78-F18588716196}
		{678C410A-C3CA-44E3-8736-D92414CCA0C1} = {2020B60C-0202-4FEC-8E78-F18588716196}
		{84E0E9E3-EE65-4B89-B0DE-E9559603DB6C} = {2020B60C-0202-4FEC-8E78-F18588716196}
		{82F1F843-1424-4152-BF8F-59596DBB022F} = {A69F6E4E-1989-48D4-9EA0-CE79FC884B9F}
		{64C28713-8BE4-4C10-B184-98DBF554FE33} = {A69F6E4E-1989-48D4-9EA0-CE79FC884B9F}
		{36A47471-B87F-46A1-9E40-C6462754B89A} = {A69F6E4E-1989-48D4-9EA0-CE79FC884B9F}
		{6105C77D-881B-4E40-ADE2-F0CECD63DECF} = {A69F6E4E-1989-48D4-9EA0-CE79FC884B9F}
		{9919756D-8CF1-4F7B-BA96-BDB435AB03D3} = {8C21BBEA-FA13-4998-AB31-BDBF97F68406}
	EndGlobalSection
EndGlobal
