
Microsoft Visual Studio Solution File, Format Version 12.00
# Visual Studio 2013
VisualStudioVersion = 12.0.31101.0
MinimumVisualStudioVersion = 10.0.40219.1
Project("{FAE04EC0-301F-11D3-BF4B-00C04F79EFBC}") = "Samples", "Samples\Samples\Samples.csproj", "{82F1F843-1424-4152-BF8F-59596DBB022F}"
EndProject
Project("{FAE04EC0-301F-11D3-BF4B-00C04F79EFBC}") = "Samples.Android", "Samples\Samples.Android\Samples.Android.csproj", "{36A47471-B87F-46A1-9E40-C6462754B89A}"
EndProject
Project("{FAE04EC0-301F-11D3-BF4B-00C04F79EFBC}") = "Samples.WinPhone", "Samples\Samples.WinPhone\Samples.WinPhone.csproj", "{6105C77D-881B-4E40-ADE2-F0CECD63DECF}"
EndProject
Project("{2150E333-8FDC-42A3-9474-1A3956D46DE8}") = "99_samples", "99_samples", "{A69F6E4E-1989-48D4-9EA0-CE79FC884B9F}"
EndProject
Project("{2150E333-8FDC-42A3-9474-1A3956D46DE8}") = ".nuget", ".nuget", "{CBE5D3E5-5DC3-4CB7-9EDB-265071949217}"
	ProjectSection(SolutionItems) = preProject
		.nuget\NuGet.Config = .nuget\NuGet.Config
		.nuget\NuGet.exe = .nuget\NuGet.exe
		.nuget\NuGet.targets = .nuget\NuGet.targets
	EndProjectSection
EndProject
Project("{D954291E-2A0B-460D-934E-DC6B0785DB48}") = "XamaRing.Shared", "XamaRing\XamaRing\XamaRing.Shared.shproj", "{3C9B6662-3825-4CB9-BCC4-0572DFDE542A}"
EndProject
Project("{2150E333-8FDC-42A3-9474-1A3956D46DE8}") = "00_Common", "00_Common", "{9B90392C-59EB-457C-811A-A04CDE1696EA}"
	ProjectSection(SolutionItems) = preProject
		CommonAssemblyInfo.cs = CommonAssemblyInfo.cs
	EndProjectSection
EndProject
Project("{FAE04EC0-301F-11D3-BF4B-00C04F79EFBC}") = "XamaRing.Core", "XamaRing.Core\XamaRing.Core\XamaRing.Core.csproj", "{16666720-6026-4FB1-962E-0EC0F370ABBE}"
EndProject
Project("{FAE04EC0-301F-11D3-BF4B-00C04F79EFBC}") = "XamaRing.Core.iOS", "XamaRing.Core\XamaRing.Core.iOS\XamaRing.Core.iOS.csproj", "{02BC147C-3123-47FA-9C0F-B8E8E714E850}"
EndProject
Project("{FAE04EC0-301F-11D3-BF4B-00C04F79EFBC}") = "XamaRing.Core.Droid", "XamaRing.Core\XamaRing.Core.Droid\XamaRing.Core.Droid.csproj", "{47112C38-7E03-485F-8F73-12B41DDB69B1}"
EndProject
Project("{FAE04EC0-301F-11D3-BF4B-00C04F79EFBC}") = "XamaRing.Core.WinPhone", "XamaRing.Core\XamaRing.Core.WinPhone\XamaRing.Core.WinPhone.csproj", "{322BA565-CA25-40E7-9D09-75CFCB16D73F}"
EndProject
Project("{2150E333-8FDC-42A3-9474-1A3956D46DE8}") = "01_Core", "01_Core", "{62BB1A0B-51DC-4E0A-AFB3-6E4313D479A2}"
EndProject
Project("{FAE04EC0-301F-11D3-BF4B-00C04F79EFBC}") = "Samp.iOS", "Samp.iOS\Samp.iOS.csproj", "{F2997A67-8F8B-4B57-88AE-7214FC92F3FB}"
EndProject
Project("{2150E333-8FDC-42A3-9474-1A3956D46DE8}") = "02_Media", "02_Media", "{17F92F34-4B77-4EA1-85C0-AE4C2336E01C}"
EndProject
Project("{FAE04EC0-301F-11D3-BF4B-00C04F79EFBC}") = "XamaRing.Media", "XamaRing.Media\XamaRing.Media.csproj", "{67F9D3A8-F71E-4428-913F-C37AE82CDB24}"
EndProject
Project("{2150E333-8FDC-42A3-9474-1A3956D46DE8}") = "03_Cache", "03_Cache", "{855BFFD1-C0B0-4D2C-A8F8-2E04AA22BB5B}"
EndProject
Project("{FAE04EC0-301F-11D3-BF4B-00C04F79EFBC}") = "XamaRing.Cache", "XamaRing.Cache\XamaRing.Cache.csproj", "{04E5E9FD-097E-4E4B-B047-666E5A6FFBAA}"
EndProject
Global
	GlobalSection(SharedMSBuildProjectFiles) = preSolution
		XamaRing\XamaRing\XamaRing.projitems*{02bc147c-3123-47fa-9c0f-b8e8e714e850}*SharedItemsImports = 4
		XamaRing\XamaRing\XamaRing.projitems*{322ba565-ca25-40e7-9d09-75cfcb16d73f}*SharedItemsImports = 4
		XamaRing\XamaRing\XamaRing.projitems*{3c9b6662-3825-4cb9-bcc4-0572dfde542a}*SharedItemsImports = 13
		XamaRing\XamaRing\XamaRing.projitems*{47112c38-7e03-485f-8f73-12b41ddb69b1}*SharedItemsImports = 4
		XamaRing\XamaRing\XamaRing.projitems*{16666720-6026-4fb1-962e-0ec0f370abbe}*SharedItemsImports = 4
	EndGlobalSection
	GlobalSection(SolutionConfigurationPlatforms) = preSolution
		Ad-Hoc|Any CPU = Ad-Hoc|Any CPU
		Ad-Hoc|ARM = Ad-Hoc|ARM
		Ad-Hoc|iPhone = Ad-Hoc|iPhone
		Ad-Hoc|iPhoneSimulator = Ad-Hoc|iPhoneSimulator
		Ad-Hoc|Mixed Platforms = Ad-Hoc|Mixed Platforms
		Ad-Hoc|x64 = Ad-Hoc|x64
		Ad-Hoc|x86 = Ad-Hoc|x86
		AppStore|Any CPU = AppStore|Any CPU
		AppStore|ARM = AppStore|ARM
		AppStore|iPhone = AppStore|iPhone
		AppStore|iPhoneSimulator = AppStore|iPhoneSimulator
		AppStore|Mixed Platforms = AppStore|Mixed Platforms
		AppStore|x64 = AppStore|x64
		AppStore|x86 = AppStore|x86
		Debug|Any CPU = Debug|Any CPU
		Debug|ARM = Debug|ARM
		Debug|iPhone = Debug|iPhone
		Debug|iPhoneSimulator = Debug|iPhoneSimulator
		Debug|Mixed Platforms = Debug|Mixed Platforms
		Debug|x64 = Debug|x64
		Debug|x86 = Debug|x86
		Release|Any CPU = Release|Any CPU
		Release|ARM = Release|ARM
		Release|iPhone = Release|iPhone
		Release|iPhoneSimulator = Release|iPhoneSimulator
		Release|Mixed Platforms = Release|Mixed Platforms
		Release|x64 = Release|x64
		Release|x86 = Release|x86
	EndGlobalSection
	GlobalSection(ProjectConfigurationPlatforms) = postSolution
		{82F1F843-1424-4152-BF8F-59596DBB022F}.Ad-Hoc|Any CPU.ActiveCfg = Release|Any CPU
		{82F1F843-1424-4152-BF8F-59596DBB022F}.Ad-Hoc|Any CPU.Build.0 = Release|Any CPU
		{82F1F843-1424-4152-BF8F-59596DBB022F}.Ad-Hoc|ARM.ActiveCfg = Release|Any CPU
		{82F1F843-1424-4152-BF8F-59596DBB022F}.Ad-Hoc|iPhone.ActiveCfg = Release|Any CPU
		{82F1F843-1424-4152-BF8F-59596DBB022F}.Ad-Hoc|iPhoneSimulator.ActiveCfg = Release|Any CPU
		{82F1F843-1424-4152-BF8F-59596DBB022F}.Ad-Hoc|Mixed Platforms.ActiveCfg = Release|Any CPU
		{82F1F843-1424-4152-BF8F-59596DBB022F}.Ad-Hoc|Mixed Platforms.Build.0 = Release|Any CPU
		{82F1F843-1424-4152-BF8F-59596DBB022F}.Ad-Hoc|x64.ActiveCfg = Debug|Any CPU
		{82F1F843-1424-4152-BF8F-59596DBB022F}.Ad-Hoc|x86.ActiveCfg = Release|Any CPU
		{82F1F843-1424-4152-BF8F-59596DBB022F}.AppStore|Any CPU.ActiveCfg = Release|Any CPU
		{82F1F843-1424-4152-BF8F-59596DBB022F}.AppStore|Any CPU.Build.0 = Release|Any CPU
		{82F1F843-1424-4152-BF8F-59596DBB022F}.AppStore|ARM.ActiveCfg = Release|Any CPU
		{82F1F843-1424-4152-BF8F-59596DBB022F}.AppStore|iPhone.ActiveCfg = Release|Any CPU
		{82F1F843-1424-4152-BF8F-59596DBB022F}.AppStore|iPhoneSimulator.ActiveCfg = Release|Any CPU
		{82F1F843-1424-4152-BF8F-59596DBB022F}.AppStore|Mixed Platforms.ActiveCfg = Release|Any CPU
		{82F1F843-1424-4152-BF8F-59596DBB022F}.AppStore|Mixed Platforms.Build.0 = Release|Any CPU
		{82F1F843-1424-4152-BF8F-59596DBB022F}.AppStore|x64.ActiveCfg = Debug|Any CPU
		{82F1F843-1424-4152-BF8F-59596DBB022F}.AppStore|x86.ActiveCfg = Release|Any CPU
		{82F1F843-1424-4152-BF8F-59596DBB022F}.Debug|Any CPU.ActiveCfg = Debug|Any CPU
		{82F1F843-1424-4152-BF8F-59596DBB022F}.Debug|Any CPU.Build.0 = Debug|Any CPU
		{82F1F843-1424-4152-BF8F-59596DBB022F}.Debug|Any CPU.Deploy.0 = Debug|Any CPU
		{82F1F843-1424-4152-BF8F-59596DBB022F}.Debug|ARM.ActiveCfg = Debug|Any CPU
		{82F1F843-1424-4152-BF8F-59596DBB022F}.Debug|ARM.Build.0 = Debug|Any CPU
		{82F1F843-1424-4152-BF8F-59596DBB022F}.Debug|iPhone.ActiveCfg = Debug|Any CPU
		{82F1F843-1424-4152-BF8F-59596DBB022F}.Debug|iPhoneSimulator.ActiveCfg = Debug|Any CPU
		{82F1F843-1424-4152-BF8F-59596DBB022F}.Debug|iPhoneSimulator.Build.0 = Debug|Any CPU
		{82F1F843-1424-4152-BF8F-59596DBB022F}.Debug|Mixed Platforms.ActiveCfg = Debug|Any CPU
		{82F1F843-1424-4152-BF8F-59596DBB022F}.Debug|Mixed Platforms.Build.0 = Debug|Any CPU
		{82F1F843-1424-4152-BF8F-59596DBB022F}.Debug|x64.ActiveCfg = Debug|Any CPU
		{82F1F843-1424-4152-BF8F-59596DBB022F}.Debug|x86.ActiveCfg = Debug|Any CPU
		{82F1F843-1424-4152-BF8F-59596DBB022F}.Release|Any CPU.ActiveCfg = Release|Any CPU
		{82F1F843-1424-4152-BF8F-59596DBB022F}.Release|ARM.ActiveCfg = Release|Any CPU
		{82F1F843-1424-4152-BF8F-59596DBB022F}.Release|ARM.Build.0 = Release|Any CPU
		{82F1F843-1424-4152-BF8F-59596DBB022F}.Release|iPhone.ActiveCfg = Release|Any CPU
		{82F1F843-1424-4152-BF8F-59596DBB022F}.Release|iPhoneSimulator.ActiveCfg = Release|Any CPU
		{82F1F843-1424-4152-BF8F-59596DBB022F}.Release|iPhoneSimulator.Build.0 = Release|Any CPU
		{82F1F843-1424-4152-BF8F-59596DBB022F}.Release|Mixed Platforms.ActiveCfg = Release|Any CPU
		{82F1F843-1424-4152-BF8F-59596DBB022F}.Release|Mixed Platforms.Build.0 = Release|Any CPU
		{82F1F843-1424-4152-BF8F-59596DBB022F}.Release|x64.ActiveCfg = Release|Any CPU
		{82F1F843-1424-4152-BF8F-59596DBB022F}.Release|x86.ActiveCfg = Release|Any CPU
		{36A47471-B87F-46A1-9E40-C6462754B89A}.Ad-Hoc|Any CPU.ActiveCfg = Release|Any CPU
		{36A47471-B87F-46A1-9E40-C6462754B89A}.Ad-Hoc|Any CPU.Build.0 = Release|Any CPU
		{36A47471-B87F-46A1-9E40-C6462754B89A}.Ad-Hoc|Any CPU.Deploy.0 = Release|Any CPU
		{36A47471-B87F-46A1-9E40-C6462754B89A}.Ad-Hoc|ARM.ActiveCfg = Release|Any CPU
		{36A47471-B87F-46A1-9E40-C6462754B89A}.Ad-Hoc|iPhone.ActiveCfg = Release|Any CPU
		{36A47471-B87F-46A1-9E40-C6462754B89A}.Ad-Hoc|iPhoneSimulator.ActiveCfg = Release|Any CPU
		{36A47471-B87F-46A1-9E40-C6462754B89A}.Ad-Hoc|Mixed Platforms.ActiveCfg = Release|Any CPU
		{36A47471-B87F-46A1-9E40-C6462754B89A}.Ad-Hoc|Mixed Platforms.Build.0 = Release|Any CPU
		{36A47471-B87F-46A1-9E40-C6462754B89A}.Ad-Hoc|Mixed Platforms.Deploy.0 = Release|Any CPU
		{36A47471-B87F-46A1-9E40-C6462754B89A}.Ad-Hoc|x64.ActiveCfg = Debug|Any CPU
		{36A47471-B87F-46A1-9E40-C6462754B89A}.Ad-Hoc|x86.ActiveCfg = Release|Any CPU
		{36A47471-B87F-46A1-9E40-C6462754B89A}.AppStore|Any CPU.ActiveCfg = Release|Any CPU
		{36A47471-B87F-46A1-9E40-C6462754B89A}.AppStore|Any CPU.Build.0 = Release|Any CPU
		{36A47471-B87F-46A1-9E40-C6462754B89A}.AppStore|Any CPU.Deploy.0 = Release|Any CPU
		{36A47471-B87F-46A1-9E40-C6462754B89A}.AppStore|ARM.ActiveCfg = Release|Any CPU
		{36A47471-B87F-46A1-9E40-C6462754B89A}.AppStore|iPhone.ActiveCfg = Release|Any CPU
		{36A47471-B87F-46A1-9E40-C6462754B89A}.AppStore|iPhoneSimulator.ActiveCfg = Release|Any CPU
		{36A47471-B87F-46A1-9E40-C6462754B89A}.AppStore|Mixed Platforms.ActiveCfg = Release|Any CPU
		{36A47471-B87F-46A1-9E40-C6462754B89A}.AppStore|Mixed Platforms.Build.0 = Release|Any CPU
		{36A47471-B87F-46A1-9E40-C6462754B89A}.AppStore|Mixed Platforms.Deploy.0 = Release|Any CPU
		{36A47471-B87F-46A1-9E40-C6462754B89A}.AppStore|x64.ActiveCfg = Debug|Any CPU
		{36A47471-B87F-46A1-9E40-C6462754B89A}.AppStore|x86.ActiveCfg = Release|Any CPU
		{36A47471-B87F-46A1-9E40-C6462754B89A}.Debug|Any CPU.ActiveCfg = Debug|Any CPU
		{36A47471-B87F-46A1-9E40-C6462754B89A}.Debug|Any CPU.Build.0 = Debug|Any CPU
		{36A47471-B87F-46A1-9E40-C6462754B89A}.Debug|Any CPU.Deploy.0 = Debug|Any CPU
		{36A47471-B87F-46A1-9E40-C6462754B89A}.Debug|ARM.ActiveCfg = Debug|Any CPU
		{36A47471-B87F-46A1-9E40-C6462754B89A}.Debug|iPhone.ActiveCfg = Debug|Any CPU
		{36A47471-B87F-46A1-9E40-C6462754B89A}.Debug|iPhoneSimulator.ActiveCfg = Debug|Any CPU
		{36A47471-B87F-46A1-9E40-C6462754B89A}.Debug|Mixed Platforms.ActiveCfg = Debug|Any CPU
		{36A47471-B87F-46A1-9E40-C6462754B89A}.Debug|Mixed Platforms.Build.0 = Debug|Any CPU
		{36A47471-B87F-46A1-9E40-C6462754B89A}.Debug|Mixed Platforms.Deploy.0 = Debug|Any CPU
		{36A47471-B87F-46A1-9E40-C6462754B89A}.Debug|x64.ActiveCfg = Debug|Any CPU
		{36A47471-B87F-46A1-9E40-C6462754B89A}.Debug|x86.ActiveCfg = Debug|Any CPU
		{36A47471-B87F-46A1-9E40-C6462754B89A}.Release|Any CPU.ActiveCfg = Release|Any CPU
		{36A47471-B87F-46A1-9E40-C6462754B89A}.Release|ARM.ActiveCfg = Release|Any CPU
		{36A47471-B87F-46A1-9E40-C6462754B89A}.Release|iPhone.ActiveCfg = Release|Any CPU
		{36A47471-B87F-46A1-9E40-C6462754B89A}.Release|iPhoneSimulator.ActiveCfg = Release|Any CPU
		{36A47471-B87F-46A1-9E40-C6462754B89A}.Release|Mixed Platforms.ActiveCfg = Release|Any CPU
		{36A47471-B87F-46A1-9E40-C6462754B89A}.Release|Mixed Platforms.Build.0 = Release|Any CPU
		{36A47471-B87F-46A1-9E40-C6462754B89A}.Release|Mixed Platforms.Deploy.0 = Release|Any CPU
		{36A47471-B87F-46A1-9E40-C6462754B89A}.Release|x64.ActiveCfg = Release|Any CPU
		{36A47471-B87F-46A1-9E40-C6462754B89A}.Release|x86.ActiveCfg = Release|Any CPU
		{6105C77D-881B-4E40-ADE2-F0CECD63DECF}.Ad-Hoc|Any CPU.ActiveCfg = Release|Any CPU
		{6105C77D-881B-4E40-ADE2-F0CECD63DECF}.Ad-Hoc|Any CPU.Build.0 = Release|Any CPU
		{6105C77D-881B-4E40-ADE2-F0CECD63DECF}.Ad-Hoc|Any CPU.Deploy.0 = Release|Any CPU
		{6105C77D-881B-4E40-ADE2-F0CECD63DECF}.Ad-Hoc|ARM.ActiveCfg = Release|ARM
		{6105C77D-881B-4E40-ADE2-F0CECD63DECF}.Ad-Hoc|ARM.Build.0 = Release|ARM
		{6105C77D-881B-4E40-ADE2-F0CECD63DECF}.Ad-Hoc|ARM.Deploy.0 = Release|ARM
		{6105C77D-881B-4E40-ADE2-F0CECD63DECF}.Ad-Hoc|iPhone.ActiveCfg = Release|Any CPU
		{6105C77D-881B-4E40-ADE2-F0CECD63DECF}.Ad-Hoc|iPhoneSimulator.ActiveCfg = Release|Any CPU
		{6105C77D-881B-4E40-ADE2-F0CECD63DECF}.Ad-Hoc|Mixed Platforms.ActiveCfg = Release|x86
		{6105C77D-881B-4E40-ADE2-F0CECD63DECF}.Ad-Hoc|Mixed Platforms.Build.0 = Release|x86
		{6105C77D-881B-4E40-ADE2-F0CECD63DECF}.Ad-Hoc|Mixed Platforms.Deploy.0 = Release|x86
		{6105C77D-881B-4E40-ADE2-F0CECD63DECF}.Ad-Hoc|x64.ActiveCfg = Debug|Any CPU
		{6105C77D-881B-4E40-ADE2-F0CECD63DECF}.Ad-Hoc|x86.ActiveCfg = Release|x86
		{6105C77D-881B-4E40-ADE2-F0CECD63DECF}.Ad-Hoc|x86.Build.0 = Release|x86
		{6105C77D-881B-4E40-ADE2-F0CECD63DECF}.Ad-Hoc|x86.Deploy.0 = Release|x86
		{6105C77D-881B-4E40-ADE2-F0CECD63DECF}.AppStore|Any CPU.ActiveCfg = Release|Any CPU
		{6105C77D-881B-4E40-ADE2-F0CECD63DECF}.AppStore|Any CPU.Build.0 = Release|Any CPU
		{6105C77D-881B-4E40-ADE2-F0CECD63DECF}.AppStore|Any CPU.Deploy.0 = Release|Any CPU
		{6105C77D-881B-4E40-ADE2-F0CECD63DECF}.AppStore|ARM.ActiveCfg = Release|ARM
		{6105C77D-881B-4E40-ADE2-F0CECD63DECF}.AppStore|ARM.Build.0 = Release|ARM
		{6105C77D-881B-4E40-ADE2-F0CECD63DECF}.AppStore|ARM.Deploy.0 = Release|ARM
		{6105C77D-881B-4E40-ADE2-F0CECD63DECF}.AppStore|iPhone.ActiveCfg = Release|Any CPU
		{6105C77D-881B-4E40-ADE2-F0CECD63DECF}.AppStore|iPhoneSimulator.ActiveCfg = Release|Any CPU
		{6105C77D-881B-4E40-ADE2-F0CECD63DECF}.AppStore|Mixed Platforms.ActiveCfg = Release|x86
		{6105C77D-881B-4E40-ADE2-F0CECD63DECF}.AppStore|Mixed Platforms.Build.0 = Release|x86
		{6105C77D-881B-4E40-ADE2-F0CECD63DECF}.AppStore|Mixed Platforms.Deploy.0 = Release|x86
		{6105C77D-881B-4E40-ADE2-F0CECD63DECF}.AppStore|x64.ActiveCfg = Debug|Any CPU
		{6105C77D-881B-4E40-ADE2-F0CECD63DECF}.AppStore|x86.ActiveCfg = Release|x86
		{6105C77D-881B-4E40-ADE2-F0CECD63DECF}.AppStore|x86.Build.0 = Release|x86
		{6105C77D-881B-4E40-ADE2-F0CECD63DECF}.AppStore|x86.Deploy.0 = Release|x86
		{6105C77D-881B-4E40-ADE2-F0CECD63DECF}.Debug|Any CPU.ActiveCfg = Debug|Any CPU
		{6105C77D-881B-4E40-ADE2-F0CECD63DECF}.Debug|Any CPU.Build.0 = Debug|Any CPU
		{6105C77D-881B-4E40-ADE2-F0CECD63DECF}.Debug|Any CPU.Deploy.0 = Debug|Any CPU
		{6105C77D-881B-4E40-ADE2-F0CECD63DECF}.Debug|ARM.ActiveCfg = Debug|ARM
		{6105C77D-881B-4E40-ADE2-F0CECD63DECF}.Debug|ARM.Build.0 = Debug|ARM
		{6105C77D-881B-4E40-ADE2-F0CECD63DECF}.Debug|ARM.Deploy.0 = Debug|ARM
		{6105C77D-881B-4E40-ADE2-F0CECD63DECF}.Debug|iPhone.ActiveCfg = Debug|Any CPU
		{6105C77D-881B-4E40-ADE2-F0CECD63DECF}.Debug|iPhoneSimulator.ActiveCfg = Debug|Any CPU
		{6105C77D-881B-4E40-ADE2-F0CECD63DECF}.Debug|Mixed Platforms.ActiveCfg = Debug|ARM
		{6105C77D-881B-4E40-ADE2-F0CECD63DECF}.Debug|Mixed Platforms.Build.0 = Debug|ARM
		{6105C77D-881B-4E40-ADE2-F0CECD63DECF}.Debug|Mixed Platforms.Deploy.0 = Debug|ARM
		{6105C77D-881B-4E40-ADE2-F0CECD63DECF}.Debug|x64.ActiveCfg = Debug|Any CPU
		{6105C77D-881B-4E40-ADE2-F0CECD63DECF}.Debug|x86.ActiveCfg = Debug|x86
		{6105C77D-881B-4E40-ADE2-F0CECD63DECF}.Debug|x86.Build.0 = Debug|x86
		{6105C77D-881B-4E40-ADE2-F0CECD63DECF}.Debug|x86.Deploy.0 = Debug|x86
		{6105C77D-881B-4E40-ADE2-F0CECD63DECF}.Release|Any CPU.ActiveCfg = Release|Any CPU
		{6105C77D-881B-4E40-ADE2-F0CECD63DECF}.Release|ARM.ActiveCfg = Release|ARM
		{6105C77D-881B-4E40-ADE2-F0CECD63DECF}.Release|ARM.Build.0 = Release|ARM
		{6105C77D-881B-4E40-ADE2-F0CECD63DECF}.Release|ARM.Deploy.0 = Release|ARM
		{6105C77D-881B-4E40-ADE2-F0CECD63DECF}.Release|iPhone.ActiveCfg = Release|Any CPU
		{6105C77D-881B-4E40-ADE2-F0CECD63DECF}.Release|iPhoneSimulator.ActiveCfg = Release|Any CPU
		{6105C77D-881B-4E40-ADE2-F0CECD63DECF}.Release|Mixed Platforms.ActiveCfg = Release|x86
		{6105C77D-881B-4E40-ADE2-F0CECD63DECF}.Release|Mixed Platforms.Deploy.0 = Release|x86
		{6105C77D-881B-4E40-ADE2-F0CECD63DECF}.Release|x64.ActiveCfg = Release|Any CPU
		{6105C77D-881B-4E40-ADE2-F0CECD63DECF}.Release|x86.ActiveCfg = Release|x86
		{6105C77D-881B-4E40-ADE2-F0CECD63DECF}.Release|x86.Build.0 = Release|x86
		{6105C77D-881B-4E40-ADE2-F0CECD63DECF}.Release|x86.Deploy.0 = Release|x86
		{16666720-6026-4FB1-962E-0EC0F370ABBE}.Ad-Hoc|Any CPU.ActiveCfg = Release|Any CPU
		{16666720-6026-4FB1-962E-0EC0F370ABBE}.Ad-Hoc|Any CPU.Build.0 = Release|Any CPU
		{16666720-6026-4FB1-962E-0EC0F370ABBE}.Ad-Hoc|ARM.ActiveCfg = Release|Any CPU
		{16666720-6026-4FB1-962E-0EC0F370ABBE}.Ad-Hoc|ARM.Build.0 = Release|Any CPU
		{16666720-6026-4FB1-962E-0EC0F370ABBE}.Ad-Hoc|iPhone.ActiveCfg = Release|Any CPU
		{16666720-6026-4FB1-962E-0EC0F370ABBE}.Ad-Hoc|iPhone.Build.0 = Release|Any CPU
		{16666720-6026-4FB1-962E-0EC0F370ABBE}.Ad-Hoc|iPhoneSimulator.ActiveCfg = Release|Any CPU
		{16666720-6026-4FB1-962E-0EC0F370ABBE}.Ad-Hoc|iPhoneSimulator.Build.0 = Release|Any CPU
		{16666720-6026-4FB1-962E-0EC0F370ABBE}.Ad-Hoc|Mixed Platforms.ActiveCfg = Release|Any CPU
		{16666720-6026-4FB1-962E-0EC0F370ABBE}.Ad-Hoc|Mixed Platforms.Build.0 = Release|Any CPU
		{16666720-6026-4FB1-962E-0EC0F370ABBE}.Ad-Hoc|x64.ActiveCfg = Release|Any CPU
		{16666720-6026-4FB1-962E-0EC0F370ABBE}.Ad-Hoc|x64.Build.0 = Release|Any CPU
		{16666720-6026-4FB1-962E-0EC0F370ABBE}.Ad-Hoc|x86.ActiveCfg = Release|Any CPU
		{16666720-6026-4FB1-962E-0EC0F370ABBE}.Ad-Hoc|x86.Build.0 = Release|Any CPU
		{16666720-6026-4FB1-962E-0EC0F370ABBE}.AppStore|Any CPU.ActiveCfg = Release|Any CPU
		{16666720-6026-4FB1-962E-0EC0F370ABBE}.AppStore|Any CPU.Build.0 = Release|Any CPU
		{16666720-6026-4FB1-962E-0EC0F370ABBE}.AppStore|ARM.ActiveCfg = Release|Any CPU
		{16666720-6026-4FB1-962E-0EC0F370ABBE}.AppStore|ARM.Build.0 = Release|Any CPU
		{16666720-6026-4FB1-962E-0EC0F370ABBE}.AppStore|iPhone.ActiveCfg = Release|Any CPU
		{16666720-6026-4FB1-962E-0EC0F370ABBE}.AppStore|iPhone.Build.0 = Release|Any CPU
		{16666720-6026-4FB1-962E-0EC0F370ABBE}.AppStore|iPhoneSimulator.ActiveCfg = Release|Any CPU
		{16666720-6026-4FB1-962E-0EC0F370ABBE}.AppStore|iPhoneSimulator.Build.0 = Release|Any CPU
		{16666720-6026-4FB1-962E-0EC0F370ABBE}.AppStore|Mixed Platforms.ActiveCfg = Release|Any CPU
		{16666720-6026-4FB1-962E-0EC0F370ABBE}.AppStore|Mixed Platforms.Build.0 = Release|Any CPU
		{16666720-6026-4FB1-962E-0EC0F370ABBE}.AppStore|x64.ActiveCfg = Release|Any CPU
		{16666720-6026-4FB1-962E-0EC0F370ABBE}.AppStore|x64.Build.0 = Release|Any CPU
		{16666720-6026-4FB1-962E-0EC0F370ABBE}.AppStore|x86.ActiveCfg = Release|Any CPU
		{16666720-6026-4FB1-962E-0EC0F370ABBE}.AppStore|x86.Build.0 = Release|Any CPU
		{16666720-6026-4FB1-962E-0EC0F370ABBE}.Debug|Any CPU.ActiveCfg = Debug|Any CPU
		{16666720-6026-4FB1-962E-0EC0F370ABBE}.Debug|Any CPU.Build.0 = Debug|Any CPU
		{16666720-6026-4FB1-962E-0EC0F370ABBE}.Debug|ARM.ActiveCfg = Debug|Any CPU
		{16666720-6026-4FB1-962E-0EC0F370ABBE}.Debug|ARM.Build.0 = Debug|Any CPU
		{16666720-6026-4FB1-962E-0EC0F370ABBE}.Debug|iPhone.ActiveCfg = Debug|Any CPU
		{16666720-6026-4FB1-962E-0EC0F370ABBE}.Debug|iPhone.Build.0 = Debug|Any CPU
		{16666720-6026-4FB1-962E-0EC0F370ABBE}.Debug|iPhoneSimulator.ActiveCfg = Debug|Any CPU
		{16666720-6026-4FB1-962E-0EC0F370ABBE}.Debug|iPhoneSimulator.Build.0 = Debug|Any CPU
		{16666720-6026-4FB1-962E-0EC0F370ABBE}.Debug|Mixed Platforms.ActiveCfg = Debug|Any CPU
		{16666720-6026-4FB1-962E-0EC0F370ABBE}.Debug|Mixed Platforms.Build.0 = Debug|Any CPU
		{16666720-6026-4FB1-962E-0EC0F370ABBE}.Debug|x64.ActiveCfg = Debug|Any CPU
		{16666720-6026-4FB1-962E-0EC0F370ABBE}.Debug|x64.Build.0 = Debug|Any CPU
		{16666720-6026-4FB1-962E-0EC0F370ABBE}.Debug|x86.ActiveCfg = Debug|Any CPU
		{16666720-6026-4FB1-962E-0EC0F370ABBE}.Debug|x86.Build.0 = Debug|Any CPU
		{16666720-6026-4FB1-962E-0EC0F370ABBE}.Release|Any CPU.ActiveCfg = Release|Any CPU
		{16666720-6026-4FB1-962E-0EC0F370ABBE}.Release|Any CPU.Build.0 = Release|Any CPU
		{16666720-6026-4FB1-962E-0EC0F370ABBE}.Release|ARM.ActiveCfg = Release|Any CPU
		{16666720-6026-4FB1-962E-0EC0F370ABBE}.Release|ARM.Build.0 = Release|Any CPU
		{16666720-6026-4FB1-962E-0EC0F370ABBE}.Release|iPhone.ActiveCfg = Release|Any CPU
		{16666720-6026-4FB1-962E-0EC0F370ABBE}.Release|iPhone.Build.0 = Release|Any CPU
		{16666720-6026-4FB1-962E-0EC0F370ABBE}.Release|iPhoneSimulator.ActiveCfg = Release|Any CPU
		{16666720-6026-4FB1-962E-0EC0F370ABBE}.Release|iPhoneSimulator.Build.0 = Release|Any CPU
		{16666720-6026-4FB1-962E-0EC0F370ABBE}.Release|Mixed Platforms.ActiveCfg = Release|Any CPU
		{16666720-6026-4FB1-962E-0EC0F370ABBE}.Release|Mixed Platforms.Build.0 = Release|Any CPU
		{16666720-6026-4FB1-962E-0EC0F370ABBE}.Release|x64.ActiveCfg = Release|Any CPU
		{16666720-6026-4FB1-962E-0EC0F370ABBE}.Release|x64.Build.0 = Release|Any CPU
		{16666720-6026-4FB1-962E-0EC0F370ABBE}.Release|x86.ActiveCfg = Release|Any CPU
		{16666720-6026-4FB1-962E-0EC0F370ABBE}.Release|x86.Build.0 = Release|Any CPU
		{02BC147C-3123-47FA-9C0F-B8E8E714E850}.Ad-Hoc|Any CPU.ActiveCfg = Ad-Hoc|iPhone
		{02BC147C-3123-47FA-9C0F-B8E8E714E850}.Ad-Hoc|ARM.ActiveCfg = Ad-Hoc|iPhone
		{02BC147C-3123-47FA-9C0F-B8E8E714E850}.Ad-Hoc|iPhone.ActiveCfg = Ad-Hoc|iPhone
		{02BC147C-3123-47FA-9C0F-B8E8E714E850}.Ad-Hoc|iPhone.Build.0 = Ad-Hoc|iPhone
		{02BC147C-3123-47FA-9C0F-B8E8E714E850}.Ad-Hoc|iPhoneSimulator.ActiveCfg = Ad-Hoc|iPhoneSimulator
		{02BC147C-3123-47FA-9C0F-B8E8E714E850}.Ad-Hoc|iPhoneSimulator.Build.0 = Ad-Hoc|iPhoneSimulator
		{02BC147C-3123-47FA-9C0F-B8E8E714E850}.Ad-Hoc|Mixed Platforms.ActiveCfg = Ad-Hoc|iPhone
		{02BC147C-3123-47FA-9C0F-B8E8E714E850}.Ad-Hoc|Mixed Platforms.Build.0 = Ad-Hoc|iPhone
		{02BC147C-3123-47FA-9C0F-B8E8E714E850}.Ad-Hoc|x64.ActiveCfg = Ad-Hoc|iPhone
		{02BC147C-3123-47FA-9C0F-B8E8E714E850}.Ad-Hoc|x86.ActiveCfg = Ad-Hoc|iPhone
		{02BC147C-3123-47FA-9C0F-B8E8E714E850}.AppStore|Any CPU.ActiveCfg = AppStore|iPhone
		{02BC147C-3123-47FA-9C0F-B8E8E714E850}.AppStore|ARM.ActiveCfg = AppStore|iPhone
		{02BC147C-3123-47FA-9C0F-B8E8E714E850}.AppStore|iPhone.ActiveCfg = AppStore|iPhone
		{02BC147C-3123-47FA-9C0F-B8E8E714E850}.AppStore|iPhone.Build.0 = AppStore|iPhone
		{02BC147C-3123-47FA-9C0F-B8E8E714E850}.AppStore|iPhoneSimulator.ActiveCfg = AppStore|iPhoneSimulator
		{02BC147C-3123-47FA-9C0F-B8E8E714E850}.AppStore|iPhoneSimulator.Build.0 = AppStore|iPhoneSimulator
		{02BC147C-3123-47FA-9C0F-B8E8E714E850}.AppStore|Mixed Platforms.ActiveCfg = AppStore|iPhone
		{02BC147C-3123-47FA-9C0F-B8E8E714E850}.AppStore|Mixed Platforms.Build.0 = AppStore|iPhone
		{02BC147C-3123-47FA-9C0F-B8E8E714E850}.AppStore|x64.ActiveCfg = AppStore|iPhone
		{02BC147C-3123-47FA-9C0F-B8E8E714E850}.AppStore|x86.ActiveCfg = AppStore|iPhone
		{02BC147C-3123-47FA-9C0F-B8E8E714E850}.Debug|Any CPU.ActiveCfg = Debug|iPhone
		{02BC147C-3123-47FA-9C0F-B8E8E714E850}.Debug|ARM.ActiveCfg = Debug|iPhone
		{02BC147C-3123-47FA-9C0F-B8E8E714E850}.Debug|iPhone.ActiveCfg = Debug|iPhone
		{02BC147C-3123-47FA-9C0F-B8E8E714E850}.Debug|iPhone.Build.0 = Debug|iPhone
		{02BC147C-3123-47FA-9C0F-B8E8E714E850}.Debug|iPhoneSimulator.ActiveCfg = Debug|iPhoneSimulator
		{02BC147C-3123-47FA-9C0F-B8E8E714E850}.Debug|iPhoneSimulator.Build.0 = Debug|iPhoneSimulator
		{02BC147C-3123-47FA-9C0F-B8E8E714E850}.Debug|Mixed Platforms.ActiveCfg = Debug|iPhone
		{02BC147C-3123-47FA-9C0F-B8E8E714E850}.Debug|Mixed Platforms.Build.0 = Debug|iPhone
		{02BC147C-3123-47FA-9C0F-B8E8E714E850}.Debug|x64.ActiveCfg = Debug|iPhone
		{02BC147C-3123-47FA-9C0F-B8E8E714E850}.Debug|x86.ActiveCfg = Debug|iPhone
		{02BC147C-3123-47FA-9C0F-B8E8E714E850}.Release|Any CPU.ActiveCfg = Release|iPhone
		{02BC147C-3123-47FA-9C0F-B8E8E714E850}.Release|Any CPU.Build.0 = Release|iPhone
		{02BC147C-3123-47FA-9C0F-B8E8E714E850}.Release|ARM.ActiveCfg = Release|iPhone
		{02BC147C-3123-47FA-9C0F-B8E8E714E850}.Release|iPhone.ActiveCfg = Release|iPhone
		{02BC147C-3123-47FA-9C0F-B8E8E714E850}.Release|iPhone.Build.0 = Release|iPhone
		{02BC147C-3123-47FA-9C0F-B8E8E714E850}.Release|iPhoneSimulator.ActiveCfg = Release|iPhoneSimulator
		{02BC147C-3123-47FA-9C0F-B8E8E714E850}.Release|iPhoneSimulator.Build.0 = Release|iPhoneSimulator
		{02BC147C-3123-47FA-9C0F-B8E8E714E850}.Release|Mixed Platforms.ActiveCfg = Release|iPhone
		{02BC147C-3123-47FA-9C0F-B8E8E714E850}.Release|Mixed Platforms.Build.0 = Release|iPhone
		{02BC147C-3123-47FA-9C0F-B8E8E714E850}.Release|x64.ActiveCfg = Release|iPhone
		{02BC147C-3123-47FA-9C0F-B8E8E714E850}.Release|x86.ActiveCfg = Release|iPhone
		{47112C38-7E03-485F-8F73-12B41DDB69B1}.Ad-Hoc|Any CPU.ActiveCfg = Release|Any CPU
		{47112C38-7E03-485F-8F73-12B41DDB69B1}.Ad-Hoc|Any CPU.Build.0 = Release|Any CPU
		{47112C38-7E03-485F-8F73-12B41DDB69B1}.Ad-Hoc|Any CPU.Deploy.0 = Release|Any CPU
		{47112C38-7E03-485F-8F73-12B41DDB69B1}.Ad-Hoc|ARM.ActiveCfg = Release|Any CPU
		{47112C38-7E03-485F-8F73-12B41DDB69B1}.Ad-Hoc|ARM.Build.0 = Release|Any CPU
		{47112C38-7E03-485F-8F73-12B41DDB69B1}.Ad-Hoc|ARM.Deploy.0 = Release|Any CPU
		{47112C38-7E03-485F-8F73-12B41DDB69B1}.Ad-Hoc|iPhone.ActiveCfg = Release|Any CPU
		{47112C38-7E03-485F-8F73-12B41DDB69B1}.Ad-Hoc|iPhone.Build.0 = Release|Any CPU
		{47112C38-7E03-485F-8F73-12B41DDB69B1}.Ad-Hoc|iPhone.Deploy.0 = Release|Any CPU
		{47112C38-7E03-485F-8F73-12B41DDB69B1}.Ad-Hoc|iPhoneSimulator.ActiveCfg = Release|Any CPU
		{47112C38-7E03-485F-8F73-12B41DDB69B1}.Ad-Hoc|iPhoneSimulator.Build.0 = Release|Any CPU
		{47112C38-7E03-485F-8F73-12B41DDB69B1}.Ad-Hoc|iPhoneSimulator.Deploy.0 = Release|Any CPU
		{47112C38-7E03-485F-8F73-12B41DDB69B1}.Ad-Hoc|Mixed Platforms.ActiveCfg = Release|Any CPU
		{47112C38-7E03-485F-8F73-12B41DDB69B1}.Ad-Hoc|Mixed Platforms.Build.0 = Release|Any CPU
		{47112C38-7E03-485F-8F73-12B41DDB69B1}.Ad-Hoc|Mixed Platforms.Deploy.0 = Release|Any CPU
		{47112C38-7E03-485F-8F73-12B41DDB69B1}.Ad-Hoc|x64.ActiveCfg = Release|Any CPU
		{47112C38-7E03-485F-8F73-12B41DDB69B1}.Ad-Hoc|x64.Build.0 = Release|Any CPU
		{47112C38-7E03-485F-8F73-12B41DDB69B1}.Ad-Hoc|x64.Deploy.0 = Release|Any CPU
		{47112C38-7E03-485F-8F73-12B41DDB69B1}.Ad-Hoc|x86.ActiveCfg = Release|Any CPU
		{47112C38-7E03-485F-8F73-12B41DDB69B1}.Ad-Hoc|x86.Build.0 = Release|Any CPU
		{47112C38-7E03-485F-8F73-12B41DDB69B1}.Ad-Hoc|x86.Deploy.0 = Release|Any CPU
		{47112C38-7E03-485F-8F73-12B41DDB69B1}.AppStore|Any CPU.ActiveCfg = Release|Any CPU
		{47112C38-7E03-485F-8F73-12B41DDB69B1}.AppStore|Any CPU.Build.0 = Release|Any CPU
		{47112C38-7E03-485F-8F73-12B41DDB69B1}.AppStore|Any CPU.Deploy.0 = Release|Any CPU
		{47112C38-7E03-485F-8F73-12B41DDB69B1}.AppStore|ARM.ActiveCfg = Release|Any CPU
		{47112C38-7E03-485F-8F73-12B41DDB69B1}.AppStore|ARM.Build.0 = Release|Any CPU
		{47112C38-7E03-485F-8F73-12B41DDB69B1}.AppStore|ARM.Deploy.0 = Release|Any CPU
		{47112C38-7E03-485F-8F73-12B41DDB69B1}.AppStore|iPhone.ActiveCfg = Release|Any CPU
		{47112C38-7E03-485F-8F73-12B41DDB69B1}.AppStore|iPhone.Build.0 = Release|Any CPU
		{47112C38-7E03-485F-8F73-12B41DDB69B1}.AppStore|iPhone.Deploy.0 = Release|Any CPU
		{47112C38-7E03-485F-8F73-12B41DDB69B1}.AppStore|iPhoneSimulator.ActiveCfg = Release|Any CPU
		{47112C38-7E03-485F-8F73-12B41DDB69B1}.AppStore|iPhoneSimulator.Build.0 = Release|Any CPU
		{47112C38-7E03-485F-8F73-12B41DDB69B1}.AppStore|iPhoneSimulator.Deploy.0 = Release|Any CPU
		{47112C38-7E03-485F-8F73-12B41DDB69B1}.AppStore|Mixed Platforms.ActiveCfg = Release|Any CPU
		{47112C38-7E03-485F-8F73-12B41DDB69B1}.AppStore|Mixed Platforms.Build.0 = Release|Any CPU
		{47112C38-7E03-485F-8F73-12B41DDB69B1}.AppStore|Mixed Platforms.Deploy.0 = Release|Any CPU
		{47112C38-7E03-485F-8F73-12B41DDB69B1}.AppStore|x64.ActiveCfg = Release|Any CPU
		{47112C38-7E03-485F-8F73-12B41DDB69B1}.AppStore|x64.Build.0 = Release|Any CPU
		{47112C38-7E03-485F-8F73-12B41DDB69B1}.AppStore|x64.Deploy.0 = Release|Any CPU
		{47112C38-7E03-485F-8F73-12B41DDB69B1}.AppStore|x86.ActiveCfg = Release|Any CPU
		{47112C38-7E03-485F-8F73-12B41DDB69B1}.AppStore|x86.Build.0 = Release|Any CPU
		{47112C38-7E03-485F-8F73-12B41DDB69B1}.AppStore|x86.Deploy.0 = Release|Any CPU
		{47112C38-7E03-485F-8F73-12B41DDB69B1}.Debug|Any CPU.ActiveCfg = Debug|Any CPU
		{47112C38-7E03-485F-8F73-12B41DDB69B1}.Debug|Any CPU.Build.0 = Debug|Any CPU
		{47112C38-7E03-485F-8F73-12B41DDB69B1}.Debug|Any CPU.Deploy.0 = Debug|Any CPU
		{47112C38-7E03-485F-8F73-12B41DDB69B1}.Debug|ARM.ActiveCfg = Debug|Any CPU
		{47112C38-7E03-485F-8F73-12B41DDB69B1}.Debug|ARM.Build.0 = Debug|Any CPU
		{47112C38-7E03-485F-8F73-12B41DDB69B1}.Debug|ARM.Deploy.0 = Debug|Any CPU
		{47112C38-7E03-485F-8F73-12B41DDB69B1}.Debug|iPhone.ActiveCfg = Debug|Any CPU
		{47112C38-7E03-485F-8F73-12B41DDB69B1}.Debug|iPhone.Build.0 = Debug|Any CPU
		{47112C38-7E03-485F-8F73-12B41DDB69B1}.Debug|iPhone.Deploy.0 = Debug|Any CPU
		{47112C38-7E03-485F-8F73-12B41DDB69B1}.Debug|iPhoneSimulator.ActiveCfg = Debug|Any CPU
		{47112C38-7E03-485F-8F73-12B41DDB69B1}.Debug|iPhoneSimulator.Deploy.0 = Debug|Any CPU
		{47112C38-7E03-485F-8F73-12B41DDB69B1}.Debug|Mixed Platforms.ActiveCfg = Debug|Any CPU
		{47112C38-7E03-485F-8F73-12B41DDB69B1}.Debug|Mixed Platforms.Build.0 = Debug|Any CPU
		{47112C38-7E03-485F-8F73-12B41DDB69B1}.Debug|Mixed Platforms.Deploy.0 = Debug|Any CPU
		{47112C38-7E03-485F-8F73-12B41DDB69B1}.Debug|x64.ActiveCfg = Debug|Any CPU
		{47112C38-7E03-485F-8F73-12B41DDB69B1}.Debug|x64.Build.0 = Debug|Any CPU
		{47112C38-7E03-485F-8F73-12B41DDB69B1}.Debug|x64.Deploy.0 = Debug|Any CPU
		{47112C38-7E03-485F-8F73-12B41DDB69B1}.Debug|x86.ActiveCfg = Debug|Any CPU
		{47112C38-7E03-485F-8F73-12B41DDB69B1}.Debug|x86.Build.0 = Debug|Any CPU
		{47112C38-7E03-485F-8F73-12B41DDB69B1}.Debug|x86.Deploy.0 = Debug|Any CPU
		{47112C38-7E03-485F-8F73-12B41DDB69B1}.Release|Any CPU.ActiveCfg = Release|Any CPU
		{47112C38-7E03-485F-8F73-12B41DDB69B1}.Release|Any CPU.Build.0 = Release|Any CPU
		{47112C38-7E03-485F-8F73-12B41DDB69B1}.Release|Any CPU.Deploy.0 = Release|Any CPU
		{47112C38-7E03-485F-8F73-12B41DDB69B1}.Release|ARM.ActiveCfg = Release|Any CPU
		{47112C38-7E03-485F-8F73-12B41DDB69B1}.Release|ARM.Build.0 = Release|Any CPU
		{47112C38-7E03-485F-8F73-12B41DDB69B1}.Release|ARM.Deploy.0 = Release|Any CPU
		{47112C38-7E03-485F-8F73-12B41DDB69B1}.Release|iPhone.ActiveCfg = Release|Any CPU
		{47112C38-7E03-485F-8F73-12B41DDB69B1}.Release|iPhone.Build.0 = Release|Any CPU
		{47112C38-7E03-485F-8F73-12B41DDB69B1}.Release|iPhone.Deploy.0 = Release|Any CPU
		{47112C38-7E03-485F-8F73-12B41DDB69B1}.Release|iPhoneSimulator.ActiveCfg = Release|Any CPU
		{47112C38-7E03-485F-8F73-12B41DDB69B1}.Release|iPhoneSimulator.Build.0 = Release|Any CPU
		{47112C38-7E03-485F-8F73-12B41DDB69B1}.Release|iPhoneSimulator.Deploy.0 = Release|Any CPU
		{47112C38-7E03-485F-8F73-12B41DDB69B1}.Release|Mixed Platforms.ActiveCfg = Release|Any CPU
		{47112C38-7E03-485F-8F73-12B41DDB69B1}.Release|Mixed Platforms.Build.0 = Release|Any CPU
		{47112C38-7E03-485F-8F73-12B41DDB69B1}.Release|Mixed Platforms.Deploy.0 = Release|Any CPU
		{47112C38-7E03-485F-8F73-12B41DDB69B1}.Release|x64.ActiveCfg = Release|Any CPU
		{47112C38-7E03-485F-8F73-12B41DDB69B1}.Release|x64.Build.0 = Release|Any CPU
		{47112C38-7E03-485F-8F73-12B41DDB69B1}.Release|x64.Deploy.0 = Release|Any CPU
		{47112C38-7E03-485F-8F73-12B41DDB69B1}.Release|x86.ActiveCfg = Release|Any CPU
		{47112C38-7E03-485F-8F73-12B41DDB69B1}.Release|x86.Build.0 = Release|Any CPU
		{47112C38-7E03-485F-8F73-12B41DDB69B1}.Release|x86.Deploy.0 = Release|Any CPU
		{322BA565-CA25-40E7-9D09-75CFCB16D73F}.Ad-Hoc|Any CPU.ActiveCfg = Release|Any CPU
		{322BA565-CA25-40E7-9D09-75CFCB16D73F}.Ad-Hoc|Any CPU.Build.0 = Release|Any CPU
		{322BA565-CA25-40E7-9D09-75CFCB16D73F}.Ad-Hoc|Any CPU.Deploy.0 = Release|Any CPU
		{322BA565-CA25-40E7-9D09-75CFCB16D73F}.Ad-Hoc|ARM.ActiveCfg = Release|ARM
		{322BA565-CA25-40E7-9D09-75CFCB16D73F}.Ad-Hoc|ARM.Build.0 = Release|ARM
		{322BA565-CA25-40E7-9D09-75CFCB16D73F}.Ad-Hoc|ARM.Deploy.0 = Release|ARM
		{322BA565-CA25-40E7-9D09-75CFCB16D73F}.Ad-Hoc|iPhone.ActiveCfg = Release|Any CPU
		{322BA565-CA25-40E7-9D09-75CFCB16D73F}.Ad-Hoc|iPhone.Build.0 = Release|Any CPU
		{322BA565-CA25-40E7-9D09-75CFCB16D73F}.Ad-Hoc|iPhone.Deploy.0 = Release|Any CPU
		{322BA565-CA25-40E7-9D09-75CFCB16D73F}.Ad-Hoc|iPhoneSimulator.ActiveCfg = Release|Any CPU
		{322BA565-CA25-40E7-9D09-75CFCB16D73F}.Ad-Hoc|iPhoneSimulator.Build.0 = Release|Any CPU
		{322BA565-CA25-40E7-9D09-75CFCB16D73F}.Ad-Hoc|iPhoneSimulator.Deploy.0 = Release|Any CPU
		{322BA565-CA25-40E7-9D09-75CFCB16D73F}.Ad-Hoc|Mixed Platforms.ActiveCfg = Release|x86
		{322BA565-CA25-40E7-9D09-75CFCB16D73F}.Ad-Hoc|Mixed Platforms.Build.0 = Release|x86
		{322BA565-CA25-40E7-9D09-75CFCB16D73F}.Ad-Hoc|Mixed Platforms.Deploy.0 = Release|x86
		{322BA565-CA25-40E7-9D09-75CFCB16D73F}.Ad-Hoc|x64.ActiveCfg = Release|Any CPU
		{322BA565-CA25-40E7-9D09-75CFCB16D73F}.Ad-Hoc|x64.Build.0 = Release|Any CPU
		{322BA565-CA25-40E7-9D09-75CFCB16D73F}.Ad-Hoc|x64.Deploy.0 = Release|Any CPU
		{322BA565-CA25-40E7-9D09-75CFCB16D73F}.Ad-Hoc|x86.ActiveCfg = Release|x86
		{322BA565-CA25-40E7-9D09-75CFCB16D73F}.Ad-Hoc|x86.Build.0 = Release|x86
		{322BA565-CA25-40E7-9D09-75CFCB16D73F}.Ad-Hoc|x86.Deploy.0 = Release|x86
		{322BA565-CA25-40E7-9D09-75CFCB16D73F}.AppStore|Any CPU.ActiveCfg = Release|Any CPU
		{322BA565-CA25-40E7-9D09-75CFCB16D73F}.AppStore|Any CPU.Build.0 = Release|Any CPU
		{322BA565-CA25-40E7-9D09-75CFCB16D73F}.AppStore|Any CPU.Deploy.0 = Release|Any CPU
		{322BA565-CA25-40E7-9D09-75CFCB16D73F}.AppStore|ARM.ActiveCfg = Release|ARM
		{322BA565-CA25-40E7-9D09-75CFCB16D73F}.AppStore|ARM.Build.0 = Release|ARM
		{322BA565-CA25-40E7-9D09-75CFCB16D73F}.AppStore|ARM.Deploy.0 = Release|ARM
		{322BA565-CA25-40E7-9D09-75CFCB16D73F}.AppStore|iPhone.ActiveCfg = Release|Any CPU
		{322BA565-CA25-40E7-9D09-75CFCB16D73F}.AppStore|iPhone.Build.0 = Release|Any CPU
		{322BA565-CA25-40E7-9D09-75CFCB16D73F}.AppStore|iPhone.Deploy.0 = Release|Any CPU
		{322BA565-CA25-40E7-9D09-75CFCB16D73F}.AppStore|iPhoneSimulator.ActiveCfg = Release|Any CPU
		{322BA565-CA25-40E7-9D09-75CFCB16D73F}.AppStore|iPhoneSimulator.Build.0 = Release|Any CPU
		{322BA565-CA25-40E7-9D09-75CFCB16D73F}.AppStore|iPhoneSimulator.Deploy.0 = Release|Any CPU
		{322BA565-CA25-40E7-9D09-75CFCB16D73F}.AppStore|Mixed Platforms.ActiveCfg = Release|x86
		{322BA565-CA25-40E7-9D09-75CFCB16D73F}.AppStore|Mixed Platforms.Build.0 = Release|x86
		{322BA565-CA25-40E7-9D09-75CFCB16D73F}.AppStore|Mixed Platforms.Deploy.0 = Release|x86
		{322BA565-CA25-40E7-9D09-75CFCB16D73F}.AppStore|x64.ActiveCfg = Release|Any CPU
		{322BA565-CA25-40E7-9D09-75CFCB16D73F}.AppStore|x64.Build.0 = Release|Any CPU
		{322BA565-CA25-40E7-9D09-75CFCB16D73F}.AppStore|x64.Deploy.0 = Release|Any CPU
		{322BA565-CA25-40E7-9D09-75CFCB16D73F}.AppStore|x86.ActiveCfg = Release|x86
		{322BA565-CA25-40E7-9D09-75CFCB16D73F}.AppStore|x86.Build.0 = Release|x86
		{322BA565-CA25-40E7-9D09-75CFCB16D73F}.AppStore|x86.Deploy.0 = Release|x86
		{322BA565-CA25-40E7-9D09-75CFCB16D73F}.Debug|Any CPU.ActiveCfg = Debug|Any CPU
		{322BA565-CA25-40E7-9D09-75CFCB16D73F}.Debug|Any CPU.Build.0 = Debug|Any CPU
		{322BA565-CA25-40E7-9D09-75CFCB16D73F}.Debug|Any CPU.Deploy.0 = Debug|Any CPU
		{322BA565-CA25-40E7-9D09-75CFCB16D73F}.Debug|ARM.ActiveCfg = Debug|ARM
		{322BA565-CA25-40E7-9D09-75CFCB16D73F}.Debug|ARM.Build.0 = Debug|ARM
		{322BA565-CA25-40E7-9D09-75CFCB16D73F}.Debug|ARM.Deploy.0 = Debug|ARM
		{322BA565-CA25-40E7-9D09-75CFCB16D73F}.Debug|iPhone.ActiveCfg = Debug|Any CPU
		{322BA565-CA25-40E7-9D09-75CFCB16D73F}.Debug|iPhone.Build.0 = Debug|Any CPU
		{322BA565-CA25-40E7-9D09-75CFCB16D73F}.Debug|iPhone.Deploy.0 = Debug|Any CPU
		{322BA565-CA25-40E7-9D09-75CFCB16D73F}.Debug|iPhoneSimulator.ActiveCfg = Debug|Any CPU
		{322BA565-CA25-40E7-9D09-75CFCB16D73F}.Debug|iPhoneSimulator.Deploy.0 = Debug|Any CPU
		{322BA565-CA25-40E7-9D09-75CFCB16D73F}.Debug|Mixed Platforms.ActiveCfg = Debug|x86
		{322BA565-CA25-40E7-9D09-75CFCB16D73F}.Debug|Mixed Platforms.Build.0 = Debug|x86
		{322BA565-CA25-40E7-9D09-75CFCB16D73F}.Debug|Mixed Platforms.Deploy.0 = Debug|x86
		{322BA565-CA25-40E7-9D09-75CFCB16D73F}.Debug|x64.ActiveCfg = Debug|Any CPU
		{322BA565-CA25-40E7-9D09-75CFCB16D73F}.Debug|x64.Build.0 = Debug|Any CPU
		{322BA565-CA25-40E7-9D09-75CFCB16D73F}.Debug|x64.Deploy.0 = Debug|Any CPU
		{322BA565-CA25-40E7-9D09-75CFCB16D73F}.Debug|x86.ActiveCfg = Debug|x86
		{322BA565-CA25-40E7-9D09-75CFCB16D73F}.Debug|x86.Build.0 = Debug|x86
		{322BA565-CA25-40E7-9D09-75CFCB16D73F}.Debug|x86.Deploy.0 = Debug|x86
		{322BA565-CA25-40E7-9D09-75CFCB16D73F}.Release|Any CPU.ActiveCfg = Release|Any CPU
		{322BA565-CA25-40E7-9D09-75CFCB16D73F}.Release|Any CPU.Build.0 = Release|Any CPU
		{322BA565-CA25-40E7-9D09-75CFCB16D73F}.Release|Any CPU.Deploy.0 = Release|Any CPU
		{322BA565-CA25-40E7-9D09-75CFCB16D73F}.Release|ARM.ActiveCfg = Release|ARM
		{322BA565-CA25-40E7-9D09-75CFCB16D73F}.Release|ARM.Build.0 = Release|ARM
		{322BA565-CA25-40E7-9D09-75CFCB16D73F}.Release|ARM.Deploy.0 = Release|ARM
		{322BA565-CA25-40E7-9D09-75CFCB16D73F}.Release|iPhone.ActiveCfg = Release|Any CPU
		{322BA565-CA25-40E7-9D09-75CFCB16D73F}.Release|iPhone.Build.0 = Release|Any CPU
		{322BA565-CA25-40E7-9D09-75CFCB16D73F}.Release|iPhone.Deploy.0 = Release|Any CPU
		{322BA565-CA25-40E7-9D09-75CFCB16D73F}.Release|iPhoneSimulator.ActiveCfg = Release|Any CPU
		{322BA565-CA25-40E7-9D09-75CFCB16D73F}.Release|iPhoneSimulator.Build.0 = Release|Any CPU
		{322BA565-CA25-40E7-9D09-75CFCB16D73F}.Release|iPhoneSimulator.Deploy.0 = Release|Any CPU
		{322BA565-CA25-40E7-9D09-75CFCB16D73F}.Release|Mixed Platforms.ActiveCfg = Release|x86
		{322BA565-CA25-40E7-9D09-75CFCB16D73F}.Release|Mixed Platforms.Build.0 = Release|x86
		{322BA565-CA25-40E7-9D09-75CFCB16D73F}.Release|Mixed Platforms.Deploy.0 = Release|x86
		{322BA565-CA25-40E7-9D09-75CFCB16D73F}.Release|x64.ActiveCfg = Release|Any CPU
		{322BA565-CA25-40E7-9D09-75CFCB16D73F}.Release|x64.Build.0 = Release|Any CPU
		{322BA565-CA25-40E7-9D09-75CFCB16D73F}.Release|x64.Deploy.0 = Release|Any CPU
		{322BA565-CA25-40E7-9D09-75CFCB16D73F}.Release|x86.ActiveCfg = Release|x86
		{322BA565-CA25-40E7-9D09-75CFCB16D73F}.Release|x86.Build.0 = Release|x86
		{322BA565-CA25-40E7-9D09-75CFCB16D73F}.Release|x86.Deploy.0 = Release|x86
		{F2997A67-8F8B-4B57-88AE-7214FC92F3FB}.Ad-Hoc|Any CPU.ActiveCfg = Ad-Hoc|iPhone
		{F2997A67-8F8B-4B57-88AE-7214FC92F3FB}.Ad-Hoc|ARM.ActiveCfg = Ad-Hoc|iPhone
		{F2997A67-8F8B-4B57-88AE-7214FC92F3FB}.Ad-Hoc|iPhone.ActiveCfg = Ad-Hoc|iPhone
		{F2997A67-8F8B-4B57-88AE-7214FC92F3FB}.Ad-Hoc|iPhone.Build.0 = Ad-Hoc|iPhone
		{F2997A67-8F8B-4B57-88AE-7214FC92F3FB}.Ad-Hoc|iPhoneSimulator.ActiveCfg = Ad-Hoc|iPhoneSimulator
		{F2997A67-8F8B-4B57-88AE-7214FC92F3FB}.Ad-Hoc|iPhoneSimulator.Build.0 = Ad-Hoc|iPhoneSimulator
		{F2997A67-8F8B-4B57-88AE-7214FC92F3FB}.Ad-Hoc|Mixed Platforms.ActiveCfg = Ad-Hoc|iPhone
		{F2997A67-8F8B-4B57-88AE-7214FC92F3FB}.Ad-Hoc|Mixed Platforms.Build.0 = Ad-Hoc|iPhone
		{F2997A67-8F8B-4B57-88AE-7214FC92F3FB}.Ad-Hoc|x64.ActiveCfg = Ad-Hoc|iPhone
		{F2997A67-8F8B-4B57-88AE-7214FC92F3FB}.Ad-Hoc|x86.ActiveCfg = Ad-Hoc|iPhone
		{F2997A67-8F8B-4B57-88AE-7214FC92F3FB}.AppStore|Any CPU.ActiveCfg = AppStore|iPhone
		{F2997A67-8F8B-4B57-88AE-7214FC92F3FB}.AppStore|ARM.ActiveCfg = AppStore|iPhone
		{F2997A67-8F8B-4B57-88AE-7214FC92F3FB}.AppStore|iPhone.ActiveCfg = AppStore|iPhone
		{F2997A67-8F8B-4B57-88AE-7214FC92F3FB}.AppStore|iPhone.Build.0 = AppStore|iPhone
		{F2997A67-8F8B-4B57-88AE-7214FC92F3FB}.AppStore|iPhoneSimulator.ActiveCfg = AppStore|iPhoneSimulator
		{F2997A67-8F8B-4B57-88AE-7214FC92F3FB}.AppStore|iPhoneSimulator.Build.0 = AppStore|iPhoneSimulator
		{F2997A67-8F8B-4B57-88AE-7214FC92F3FB}.AppStore|Mixed Platforms.ActiveCfg = AppStore|iPhone
		{F2997A67-8F8B-4B57-88AE-7214FC92F3FB}.AppStore|Mixed Platforms.Build.0 = AppStore|iPhone
		{F2997A67-8F8B-4B57-88AE-7214FC92F3FB}.AppStore|x64.ActiveCfg = AppStore|iPhone
		{F2997A67-8F8B-4B57-88AE-7214FC92F3FB}.AppStore|x86.ActiveCfg = AppStore|iPhone
		{F2997A67-8F8B-4B57-88AE-7214FC92F3FB}.Debug|Any CPU.ActiveCfg = Debug|iPhone
		{F2997A67-8F8B-4B57-88AE-7214FC92F3FB}.Debug|ARM.ActiveCfg = Debug|iPhone
		{F2997A67-8F8B-4B57-88AE-7214FC92F3FB}.Debug|iPhone.ActiveCfg = Debug|iPhone
		{F2997A67-8F8B-4B57-88AE-7214FC92F3FB}.Debug|iPhone.Build.0 = Debug|iPhone
		{F2997A67-8F8B-4B57-88AE-7214FC92F3FB}.Debug|iPhoneSimulator.ActiveCfg = Debug|iPhoneSimulator
		{F2997A67-8F8B-4B57-88AE-7214FC92F3FB}.Debug|iPhoneSimulator.Build.0 = Debug|iPhoneSimulator
		{F2997A67-8F8B-4B57-88AE-7214FC92F3FB}.Debug|Mixed Platforms.ActiveCfg = Debug|iPhone
		{F2997A67-8F8B-4B57-88AE-7214FC92F3FB}.Debug|Mixed Platforms.Build.0 = Debug|iPhone
		{F2997A67-8F8B-4B57-88AE-7214FC92F3FB}.Debug|x64.ActiveCfg = Debug|iPhone
		{F2997A67-8F8B-4B57-88AE-7214FC92F3FB}.Debug|x86.ActiveCfg = Debug|iPhone
		{F2997A67-8F8B-4B57-88AE-7214FC92F3FB}.Release|Any CPU.ActiveCfg = Release|iPhone
		{F2997A67-8F8B-4B57-88AE-7214FC92F3FB}.Release|ARM.ActiveCfg = Release|iPhone
		{F2997A67-8F8B-4B57-88AE-7214FC92F3FB}.Release|iPhone.ActiveCfg = Release|iPhone
		{F2997A67-8F8B-4B57-88AE-7214FC92F3FB}.Release|iPhone.Build.0 = Release|iPhone
		{F2997A67-8F8B-4B57-88AE-7214FC92F3FB}.Release|iPhoneSimulator.ActiveCfg = Release|iPhoneSimulator
		{F2997A67-8F8B-4B57-88AE-7214FC92F3FB}.Release|iPhoneSimulator.Build.0 = Release|iPhoneSimulator
		{F2997A67-8F8B-4B57-88AE-7214FC92F3FB}.Release|Mixed Platforms.ActiveCfg = Release|iPhone
		{F2997A67-8F8B-4B57-88AE-7214FC92F3FB}.Release|Mixed Platforms.Build.0 = Release|iPhone
		{F2997A67-8F8B-4B57-88AE-7214FC92F3FB}.Release|x64.ActiveCfg = Release|iPhone
		{F2997A67-8F8B-4B57-88AE-7214FC92F3FB}.Release|x86.ActiveCfg = Release|iPhone
		{67F9D3A8-F71E-4428-913F-C37AE82CDB24}.Ad-Hoc|Any CPU.ActiveCfg = Release|Any CPU
		{67F9D3A8-F71E-4428-913F-C37AE82CDB24}.Ad-Hoc|Any CPU.Build.0 = Release|Any CPU
		{67F9D3A8-F71E-4428-913F-C37AE82CDB24}.Ad-Hoc|ARM.ActiveCfg = Release|Any CPU
		{67F9D3A8-F71E-4428-913F-C37AE82CDB24}.Ad-Hoc|iPhone.ActiveCfg = Release|Any CPU
		{67F9D3A8-F71E-4428-913F-C37AE82CDB24}.Ad-Hoc|iPhoneSimulator.ActiveCfg = Release|Any CPU
		{67F9D3A8-F71E-4428-913F-C37AE82CDB24}.Ad-Hoc|Mixed Platforms.ActiveCfg = Release|Any CPU
		{67F9D3A8-F71E-4428-913F-C37AE82CDB24}.Ad-Hoc|Mixed Platforms.Build.0 = Release|Any CPU
		{67F9D3A8-F71E-4428-913F-C37AE82CDB24}.Ad-Hoc|x64.ActiveCfg = Release|Any CPU
		{67F9D3A8-F71E-4428-913F-C37AE82CDB24}.Ad-Hoc|x86.ActiveCfg = Release|Any CPU
		{67F9D3A8-F71E-4428-913F-C37AE82CDB24}.AppStore|Any CPU.ActiveCfg = Release|Any CPU
		{67F9D3A8-F71E-4428-913F-C37AE82CDB24}.AppStore|Any CPU.Build.0 = Release|Any CPU
		{67F9D3A8-F71E-4428-913F-C37AE82CDB24}.AppStore|ARM.ActiveCfg = Release|Any CPU
		{67F9D3A8-F71E-4428-913F-C37AE82CDB24}.AppStore|iPhone.ActiveCfg = Release|Any CPU
		{67F9D3A8-F71E-4428-913F-C37AE82CDB24}.AppStore|iPhoneSimulator.ActiveCfg = Release|Any CPU
		{67F9D3A8-F71E-4428-913F-C37AE82CDB24}.AppStore|Mixed Platforms.ActiveCfg = Release|Any CPU
		{67F9D3A8-F71E-4428-913F-C37AE82CDB24}.AppStore|Mixed Platforms.Build.0 = Release|Any CPU
		{67F9D3A8-F71E-4428-913F-C37AE82CDB24}.AppStore|x64.ActiveCfg = Release|Any CPU
		{67F9D3A8-F71E-4428-913F-C37AE82CDB24}.AppStore|x86.ActiveCfg = Release|Any CPU
		{67F9D3A8-F71E-4428-913F-C37AE82CDB24}.Debug|Any CPU.ActiveCfg = Debug|Any CPU
		{67F9D3A8-F71E-4428-913F-C37AE82CDB24}.Debug|Any CPU.Build.0 = Debug|Any CPU
		{67F9D3A8-F71E-4428-913F-C37AE82CDB24}.Debug|ARM.ActiveCfg = Debug|Any CPU
		{67F9D3A8-F71E-4428-913F-C37AE82CDB24}.Debug|iPhone.ActiveCfg = Debug|Any CPU
		{67F9D3A8-F71E-4428-913F-C37AE82CDB24}.Debug|iPhoneSimulator.ActiveCfg = Debug|Any CPU
		{67F9D3A8-F71E-4428-913F-C37AE82CDB24}.Debug|Mixed Platforms.ActiveCfg = Debug|Any CPU
		{67F9D3A8-F71E-4428-913F-C37AE82CDB24}.Debug|Mixed Platforms.Build.0 = Debug|Any CPU
		{67F9D3A8-F71E-4428-913F-C37AE82CDB24}.Debug|x64.ActiveCfg = Debug|Any CPU
		{67F9D3A8-F71E-4428-913F-C37AE82CDB24}.Debug|x86.ActiveCfg = Debug|Any CPU
		{67F9D3A8-F71E-4428-913F-C37AE82CDB24}.Release|Any CPU.ActiveCfg = Release|Any CPU
		{67F9D3A8-F71E-4428-913F-C37AE82CDB24}.Release|Any CPU.Build.0 = Release|Any CPU
		{67F9D3A8-F71E-4428-913F-C37AE82CDB24}.Release|ARM.ActiveCfg = Release|Any CPU
		{67F9D3A8-F71E-4428-913F-C37AE82CDB24}.Release|iPhone.ActiveCfg = Release|Any CPU
		{67F9D3A8-F71E-4428-913F-C37AE82CDB24}.Release|iPhoneSimulator.ActiveCfg = Release|Any CPU
		{67F9D3A8-F71E-4428-913F-C37AE82CDB24}.Release|Mixed Platforms.ActiveCfg = Release|Any CPU
		{67F9D3A8-F71E-4428-913F-C37AE82CDB24}.Release|Mixed Platforms.Build.0 = Release|Any CPU
		{67F9D3A8-F71E-4428-913F-C37AE82CDB24}.Release|x64.ActiveCfg = Release|Any CPU
		{67F9D3A8-F71E-4428-913F-C37AE82CDB24}.Release|x86.ActiveCfg = Release|Any CPU
		{04E5E9FD-097E-4E4B-B047-666E5A6FFBAA}.Ad-Hoc|Any CPU.ActiveCfg = Release|Any CPU
		{04E5E9FD-097E-4E4B-B047-666E5A6FFBAA}.Ad-Hoc|Any CPU.Build.0 = Release|Any CPU
		{04E5E9FD-097E-4E4B-B047-666E5A6FFBAA}.Ad-Hoc|ARM.ActiveCfg = Release|Any CPU
		{04E5E9FD-097E-4E4B-B047-666E5A6FFBAA}.Ad-Hoc|iPhone.ActiveCfg = Release|Any CPU
		{04E5E9FD-097E-4E4B-B047-666E5A6FFBAA}.Ad-Hoc|iPhoneSimulator.ActiveCfg = Release|Any CPU
		{04E5E9FD-097E-4E4B-B047-666E5A6FFBAA}.Ad-Hoc|Mixed Platforms.ActiveCfg = Release|Any CPU
		{04E5E9FD-097E-4E4B-B047-666E5A6FFBAA}.Ad-Hoc|Mixed Platforms.Build.0 = Release|Any CPU
		{04E5E9FD-097E-4E4B-B047-666E5A6FFBAA}.Ad-Hoc|x64.ActiveCfg = Release|Any CPU
		{04E5E9FD-097E-4E4B-B047-666E5A6FFBAA}.Ad-Hoc|x86.ActiveCfg = Release|Any CPU
		{04E5E9FD-097E-4E4B-B047-666E5A6FFBAA}.AppStore|Any CPU.ActiveCfg = Release|Any CPU
		{04E5E9FD-097E-4E4B-B047-666E5A6FFBAA}.AppStore|Any CPU.Build.0 = Release|Any CPU
		{04E5E9FD-097E-4E4B-B047-666E5A6FFBAA}.AppStore|ARM.ActiveCfg = Release|Any CPU
		{04E5E9FD-097E-4E4B-B047-666E5A6FFBAA}.AppStore|iPhone.ActiveCfg = Release|Any CPU
		{04E5E9FD-097E-4E4B-B047-666E5A6FFBAA}.AppStore|iPhoneSimulator.ActiveCfg = Release|Any CPU
		{04E5E9FD-097E-4E4B-B047-666E5A6FFBAA}.AppStore|Mixed Platforms.ActiveCfg = Release|Any CPU
		{04E5E9FD-097E-4E4B-B047-666E5A6FFBAA}.AppStore|Mixed Platforms.Build.0 = Release|Any CPU
		{04E5E9FD-097E-4E4B-B047-666E5A6FFBAA}.AppStore|x64.ActiveCfg = Release|Any CPU
		{04E5E9FD-097E-4E4B-B047-666E5A6FFBAA}.AppStore|x86.ActiveCfg = Release|Any CPU
		{04E5E9FD-097E-4E4B-B047-666E5A6FFBAA}.Debug|Any CPU.ActiveCfg = Debug|Any CPU
		{04E5E9FD-097E-4E4B-B047-666E5A6FFBAA}.Debug|Any CPU.Build.0 = Debug|Any CPU
		{04E5E9FD-097E-4E4B-B047-666E5A6FFBAA}.Debug|ARM.ActiveCfg = Debug|Any CPU
		{04E5E9FD-097E-4E4B-B047-666E5A6FFBAA}.Debug|iPhone.ActiveCfg = Debug|Any CPU
		{04E5E9FD-097E-4E4B-B047-666E5A6FFBAA}.Debug|iPhoneSimulator.ActiveCfg = Debug|Any CPU
		{04E5E9FD-097E-4E4B-B047-666E5A6FFBAA}.Debug|Mixed Platforms.ActiveCfg = Debug|Any CPU
		{04E5E9FD-097E-4E4B-B047-666E5A6FFBAA}.Debug|Mixed Platforms.Build.0 = Debug|Any CPU
		{04E5E9FD-097E-4E4B-B047-666E5A6FFBAA}.Debug|x64.ActiveCfg = Debug|Any CPU
		{04E5E9FD-097E-4E4B-B047-666E5A6FFBAA}.Debug|x86.ActiveCfg = Debug|Any CPU
		{04E5E9FD-097E-4E4B-B047-666E5A6FFBAA}.Release|Any CPU.ActiveCfg = Release|Any CPU
		{04E5E9FD-097E-4E4B-B047-666E5A6FFBAA}.Release|Any CPU.Build.0 = Release|Any CPU
		{04E5E9FD-097E-4E4B-B047-666E5A6FFBAA}.Release|ARM.ActiveCfg = Release|Any CPU
		{04E5E9FD-097E-4E4B-B047-666E5A6FFBAA}.Release|iPhone.ActiveCfg = Release|Any CPU
		{04E5E9FD-097E-4E4B-B047-666E5A6FFBAA}.Release|iPhoneSimulator.ActiveCfg = Release|Any CPU
		{04E5E9FD-097E-4E4B-B047-666E5A6FFBAA}.Release|Mixed Platforms.ActiveCfg = Release|Any CPU
		{04E5E9FD-097E-4E4B-B047-666E5A6FFBAA}.Release|Mixed Platforms.Build.0 = Release|Any CPU
		{04E5E9FD-097E-4E4B-B047-666E5A6FFBAA}.Release|x64.ActiveCfg = Release|Any CPU
		{04E5E9FD-097E-4E4B-B047-666E5A6FFBAA}.Release|x86.ActiveCfg = Release|Any CPU
	EndGlobalSection
	GlobalSection(SolutionProperties) = preSolution
		HideSolutionNode = FALSE
	EndGlobalSection
	GlobalSection(NestedProjects) = preSolution
		{82F1F843-1424-4152-BF8F-59596DBB022F} = {A69F6E4E-1989-48D4-9EA0-CE79FC884B9F}
		{36A47471-B87F-46A1-9E40-C6462754B89A} = {A69F6E4E-1989-48D4-9EA0-CE79FC884B9F}
		{6105C77D-881B-4E40-ADE2-F0CECD63DECF} = {A69F6E4E-1989-48D4-9EA0-CE79FC884B9F}
		{3C9B6662-3825-4CB9-BCC4-0572DFDE542A} = {9B90392C-59EB-457C-811A-A04CDE1696EA}
		{16666720-6026-4FB1-962E-0EC0F370ABBE} = {62BB1A0B-51DC-4E0A-AFB3-6E4313D479A2}
		{02BC147C-3123-47FA-9C0F-B8E8E714E850} = {62BB1A0B-51DC-4E0A-AFB3-6E4313D479A2}
		{47112C38-7E03-485F-8F73-12B41DDB69B1} = {62BB1A0B-51DC-4E0A-AFB3-6E4313D479A2}
		{322BA565-CA25-40E7-9D09-75CFCB16D73F} = {62BB1A0B-51DC-4E0A-AFB3-6E4313D479A2}
		{F2997A67-8F8B-4B57-88AE-7214FC92F3FB} = {A69F6E4E-1989-48D4-9EA0-CE79FC884B9F}
		{67F9D3A8-F71E-4428-913F-C37AE82CDB24} = {17F92F34-4B77-4EA1-85C0-AE4C2336E01C}
		{04E5E9FD-097E-4E4B-B047-666E5A6FFBAA} = {855BFFD1-C0B0-4D2C-A8F8-2E04AA22BB5B}
	EndGlobalSection
EndGlobal
