
Microsoft Visual Studio Solution File, Format Version 12.00
# Visual Studio 2013
VisualStudioVersion = 12.0.31101.0
MinimumVisualStudioVersion = 10.0.40219.1
Project("{2150E333-8FDC-42A3-9474-1A3956D46DE8}") = "02_Utility", "02_Utility", "{2020B60C-0202-4FEC-8E78-F18588716196}"
EndProject
Project("{FAE04EC0-301F-11D3-BF4B-00C04F79EFBC}") = "Core", "Core\Core.csproj", "{83E52E84-6489-41E5-BFE4-2C762D50739E}"
EndProject
Project("{FAE04EC0-301F-11D3-BF4B-00C04F79EFBC}") = "DependencyServices", "DependencyServices\DependencyServices.csproj", "{67F9D3A8-F71E-4428-913F-C37AE82CDB24}"
EndProject
Project("{2150E333-8FDC-42A3-9474-1A3956D46DE8}") = "01_Core", "01_Core", "{8C21BBEA-FA13-4998-AB31-BDBF97F68406}"
EndProject
Project("{FAE04EC0-301F-11D3-BF4B-00C04F79EFBC}") = "Utility", "Utility\Utility.csproj", "{CCBE35C8-81C9-4728-8C2D-F2762BABF236}"
EndProject
Project("{FAE04EC0-301F-11D3-BF4B-00C04F79EFBC}") = "Utility.Droid", "Utility.Droid\Utility.Droid.csproj", "{1D610EB8-8CE9-419A-9BBE-1C4D10E3DE8A}"
EndProject
Project("{FAE04EC0-301F-11D3-BF4B-00C04F79EFBC}") = "Utility.iOS", "Utility.iOS\Utility.iOS.csproj", "{678C410A-C3CA-44E3-8736-D92414CCA0C1}"
EndProject
Project("{FAE04EC0-301F-11D3-BF4B-00C04F79EFBC}") = "Utility.WinPhone", "Utility.WinPhone\Utility.WinPhone.csproj", "{84E0E9E3-EE65-4B89-B0DE-E9559603DB6C}"
EndProject
Global
	GlobalSection(SolutionConfigurationPlatforms) = preSolution
		Ad-Hoc|Any CPU = Ad-Hoc|Any CPU
		Ad-Hoc|ARM = Ad-Hoc|ARM
		Ad-Hoc|iPhone = Ad-Hoc|iPhone
		Ad-Hoc|iPhoneSimulator = Ad-Hoc|iPhoneSimulator
		Ad-Hoc|Mixed Platforms = Ad-Hoc|Mixed Platforms
		Ad-Hoc|x86 = Ad-Hoc|x86
		AppStore|Any CPU = AppStore|Any CPU
		AppStore|ARM = AppStore|ARM
		AppStore|iPhone = AppStore|iPhone
		AppStore|iPhoneSimulator = AppStore|iPhoneSimulator
		AppStore|Mixed Platforms = AppStore|Mixed Platforms
		AppStore|x86 = AppStore|x86
		Debug|Any CPU = Debug|Any CPU
		Debug|ARM = Debug|ARM
		Debug|iPhone = Debug|iPhone
		Debug|iPhoneSimulator = Debug|iPhoneSimulator
		Debug|Mixed Platforms = Debug|Mixed Platforms
		Debug|x86 = Debug|x86
		Release|Any CPU = Release|Any CPU
		Release|ARM = Release|ARM
		Release|iPhone = Release|iPhone
		Release|iPhoneSimulator = Release|iPhoneSimulator
		Release|Mixed Platforms = Release|Mixed Platforms
		Release|x86 = Release|x86
	EndGlobalSection
	GlobalSection(ProjectConfigurationPlatforms) = postSolution
		{83E52E84-6489-41E5-BFE4-2C762D50739E}.Ad-Hoc|Any CPU.ActiveCfg = Release|Any CPU
		{83E52E84-6489-41E5-BFE4-2C762D50739E}.Ad-Hoc|Any CPU.Build.0 = Release|Any CPU
		{83E52E84-6489-41E5-BFE4-2C762D50739E}.Ad-Hoc|ARM.ActiveCfg = Release|Any CPU
		{83E52E84-6489-41E5-BFE4-2C762D50739E}.Ad-Hoc|iPhone.ActiveCfg = Release|Any CPU
		{83E52E84-6489-41E5-BFE4-2C762D50739E}.Ad-Hoc|iPhoneSimulator.ActiveCfg = Release|Any CPU
		{83E52E84-6489-41E5-BFE4-2C762D50739E}.Ad-Hoc|Mixed Platforms.ActiveCfg = Release|Any CPU
		{83E52E84-6489-41E5-BFE4-2C762D50739E}.Ad-Hoc|Mixed Platforms.Build.0 = Release|Any CPU
		{83E52E84-6489-41E5-BFE4-2C762D50739E}.Ad-Hoc|x86.ActiveCfg = Release|Any CPU
		{83E52E84-6489-41E5-BFE4-2C762D50739E}.AppStore|Any CPU.ActiveCfg = Release|Any CPU
		{83E52E84-6489-41E5-BFE4-2C762D50739E}.AppStore|Any CPU.Build.0 = Release|Any CPU
		{83E52E84-6489-41E5-BFE4-2C762D50739E}.AppStore|ARM.ActiveCfg = Release|Any CPU
		{83E52E84-6489-41E5-BFE4-2C762D50739E}.AppStore|iPhone.ActiveCfg = Release|Any CPU
		{83E52E84-6489-41E5-BFE4-2C762D50739E}.AppStore|iPhoneSimulator.ActiveCfg = Release|Any CPU
		{83E52E84-6489-41E5-BFE4-2C762D50739E}.AppStore|Mixed Platforms.ActiveCfg = Release|Any CPU
		{83E52E84-6489-41E5-BFE4-2C762D50739E}.AppStore|Mixed Platforms.Build.0 = Release|Any CPU
		{83E52E84-6489-41E5-BFE4-2C762D50739E}.AppStore|x86.ActiveCfg = Release|Any CPU
		{83E52E84-6489-41E5-BFE4-2C762D50739E}.Debug|Any CPU.ActiveCfg = Debug|Any CPU
		{83E52E84-6489-41E5-BFE4-2C762D50739E}.Debug|Any CPU.Build.0 = Debug|Any CPU
		{83E52E84-6489-41E5-BFE4-2C762D50739E}.Debug|ARM.ActiveCfg = Debug|Any CPU
		{83E52E84-6489-41E5-BFE4-2C762D50739E}.Debug|iPhone.ActiveCfg = Debug|Any CPU
		{83E52E84-6489-41E5-BFE4-2C762D50739E}.Debug|iPhoneSimulator.ActiveCfg = Debug|Any CPU
		{83E52E84-6489-41E5-BFE4-2C762D50739E}.Debug|Mixed Platforms.ActiveCfg = Debug|Any CPU
		{83E52E84-6489-41E5-BFE4-2C762D50739E}.Debug|Mixed Platforms.Build.0 = Debug|Any CPU
		{83E52E84-6489-41E5-BFE4-2C762D50739E}.Debug|x86.ActiveCfg = Debug|Any CPU
		{83E52E84-6489-41E5-BFE4-2C762D50739E}.Release|Any CPU.ActiveCfg = Release|Any CPU
		{83E52E84-6489-41E5-BFE4-2C762D50739E}.Release|Any CPU.Build.0 = Release|Any CPU
		{83E52E84-6489-41E5-BFE4-2C762D50739E}.Release|ARM.ActiveCfg = Release|Any CPU
		{83E52E84-6489-41E5-BFE4-2C762D50739E}.Release|iPhone.ActiveCfg = Release|Any CPU
		{83E52E84-6489-41E5-BFE4-2C762D50739E}.Release|iPhoneSimulator.ActiveCfg = Release|Any CPU
		{83E52E84-6489-41E5-BFE4-2C762D50739E}.Release|Mixed Platforms.ActiveCfg = Release|Any CPU
		{83E52E84-6489-41E5-BFE4-2C762D50739E}.Release|Mixed Platforms.Build.0 = Release|Any CPU
		{83E52E84-6489-41E5-BFE4-2C762D50739E}.Release|x86.ActiveCfg = Release|Any CPU
		{67F9D3A8-F71E-4428-913F-C37AE82CDB24}.Ad-Hoc|Any CPU.ActiveCfg = Release|Any CPU
		{67F9D3A8-F71E-4428-913F-C37AE82CDB24}.Ad-Hoc|Any CPU.Build.0 = Release|Any CPU
		{67F9D3A8-F71E-4428-913F-C37AE82CDB24}.Ad-Hoc|ARM.ActiveCfg = Release|Any CPU
		{67F9D3A8-F71E-4428-913F-C37AE82CDB24}.Ad-Hoc|iPhone.ActiveCfg = Release|Any CPU
		{67F9D3A8-F71E-4428-913F-C37AE82CDB24}.Ad-Hoc|iPhoneSimulator.ActiveCfg = Release|Any CPU
		{67F9D3A8-F71E-4428-913F-C37AE82CDB24}.Ad-Hoc|Mixed Platforms.ActiveCfg = Release|Any CPU
		{67F9D3A8-F71E-4428-913F-C37AE82CDB24}.Ad-Hoc|Mixed Platforms.Build.0 = Release|Any CPU
		{67F9D3A8-F71E-4428-913F-C37AE82CDB24}.Ad-Hoc|x86.ActiveCfg = Release|Any CPU
		{67F9D3A8-F71E-4428-913F-C37AE82CDB24}.AppStore|Any CPU.ActiveCfg = Release|Any CPU
		{67F9D3A8-F71E-4428-913F-C37AE82CDB24}.AppStore|Any CPU.Build.0 = Release|Any CPU
		{67F9D3A8-F71E-4428-913F-C37AE82CDB24}.AppStore|ARM.ActiveCfg = Release|Any CPU
		{67F9D3A8-F71E-4428-913F-C37AE82CDB24}.AppStore|iPhone.ActiveCfg = Release|Any CPU
		{67F9D3A8-F71E-4428-913F-C37AE82CDB24}.AppStore|iPhoneSimulator.ActiveCfg = Release|Any CPU
		{67F9D3A8-F71E-4428-913F-C37AE82CDB24}.AppStore|Mixed Platforms.ActiveCfg = Release|Any CPU
		{67F9D3A8-F71E-4428-913F-C37AE82CDB24}.AppStore|Mixed Platforms.Build.0 = Release|Any CPU
		{67F9D3A8-F71E-4428-913F-C37AE82CDB24}.AppStore|x86.ActiveCfg = Release|Any CPU
		{67F9D3A8-F71E-4428-913F-C37AE82CDB24}.Debug|Any CPU.ActiveCfg = Debug|Any CPU
		{67F9D3A8-F71E-4428-913F-C37AE82CDB24}.Debug|Any CPU.Build.0 = Debug|Any CPU
		{67F9D3A8-F71E-4428-913F-C37AE82CDB24}.Debug|ARM.ActiveCfg = Debug|Any CPU
		{67F9D3A8-F71E-4428-913F-C37AE82CDB24}.Debug|iPhone.ActiveCfg = Debug|Any CPU
		{67F9D3A8-F71E-4428-913F-C37AE82CDB24}.Debug|iPhoneSimulator.ActiveCfg = Debug|Any CPU
		{67F9D3A8-F71E-4428-913F-C37AE82CDB24}.Debug|Mixed Platforms.ActiveCfg = Debug|Any CPU
		{67F9D3A8-F71E-4428-913F-C37AE82CDB24}.Debug|Mixed Platforms.Build.0 = Debug|Any CPU
		{67F9D3A8-F71E-4428-913F-C37AE82CDB24}.Debug|x86.ActiveCfg = Debug|Any CPU
		{67F9D3A8-F71E-4428-913F-C37AE82CDB24}.Release|Any CPU.ActiveCfg = Release|Any CPU
		{67F9D3A8-F71E-4428-913F-C37AE82CDB24}.Release|Any CPU.Build.0 = Release|Any CPU
		{67F9D3A8-F71E-4428-913F-C37AE82CDB24}.Release|ARM.ActiveCfg = Release|Any CPU
		{67F9D3A8-F71E-4428-913F-C37AE82CDB24}.Release|iPhone.ActiveCfg = Release|Any CPU
		{67F9D3A8-F71E-4428-913F-C37AE82CDB24}.Release|iPhoneSimulator.ActiveCfg = Release|Any CPU
		{67F9D3A8-F71E-4428-913F-C37AE82CDB24}.Release|Mixed Platforms.ActiveCfg = Release|Any CPU
		{67F9D3A8-F71E-4428-913F-C37AE82CDB24}.Release|Mixed Platforms.Build.0 = Release|Any CPU
		{67F9D3A8-F71E-4428-913F-C37AE82CDB24}.Release|x86.ActiveCfg = Release|Any CPU
		{CCBE35C8-81C9-4728-8C2D-F2762BABF236}.Ad-Hoc|Any CPU.ActiveCfg = Release|Any CPU
		{CCBE35C8-81C9-4728-8C2D-F2762BABF236}.Ad-Hoc|Any CPU.Build.0 = Release|Any CPU
		{CCBE35C8-81C9-4728-8C2D-F2762BABF236}.Ad-Hoc|ARM.ActiveCfg = Release|Any CPU
		{CCBE35C8-81C9-4728-8C2D-F2762BABF236}.Ad-Hoc|iPhone.ActiveCfg = Release|Any CPU
		{CCBE35C8-81C9-4728-8C2D-F2762BABF236}.Ad-Hoc|iPhoneSimulator.ActiveCfg = Release|Any CPU
		{CCBE35C8-81C9-4728-8C2D-F2762BABF236}.Ad-Hoc|Mixed Platforms.ActiveCfg = Release|Any CPU
		{CCBE35C8-81C9-4728-8C2D-F2762BABF236}.Ad-Hoc|Mixed Platforms.Build.0 = Release|Any CPU
		{CCBE35C8-81C9-4728-8C2D-F2762BABF236}.Ad-Hoc|x86.ActiveCfg = Release|Any CPU
		{CCBE35C8-81C9-4728-8C2D-F2762BABF236}.AppStore|Any CPU.ActiveCfg = Release|Any CPU
		{CCBE35C8-81C9-4728-8C2D-F2762BABF236}.AppStore|Any CPU.Build.0 = Release|Any CPU
		{CCBE35C8-81C9-4728-8C2D-F2762BABF236}.AppStore|ARM.ActiveCfg = Release|Any CPU
		{CCBE35C8-81C9-4728-8C2D-F2762BABF236}.AppStore|iPhone.ActiveCfg = Release|Any CPU
		{CCBE35C8-81C9-4728-8C2D-F2762BABF236}.AppStore|iPhoneSimulator.ActiveCfg = Release|Any CPU
		{CCBE35C8-81C9-4728-8C2D-F2762BABF236}.AppStore|Mixed Platforms.ActiveCfg = Release|Any CPU
		{CCBE35C8-81C9-4728-8C2D-F2762BABF236}.AppStore|Mixed Platforms.Build.0 = Release|Any CPU
		{CCBE35C8-81C9-4728-8C2D-F2762BABF236}.AppStore|x86.ActiveCfg = Release|Any CPU
		{CCBE35C8-81C9-4728-8C2D-F2762BABF236}.Debug|Any CPU.ActiveCfg = Debug|Any CPU
		{CCBE35C8-81C9-4728-8C2D-F2762BABF236}.Debug|Any CPU.Build.0 = Debug|Any CPU
		{CCBE35C8-81C9-4728-8C2D-F2762BABF236}.Debug|ARM.ActiveCfg = Debug|Any CPU
		{CCBE35C8-81C9-4728-8C2D-F2762BABF236}.Debug|iPhone.ActiveCfg = Debug|Any CPU
		{CCBE35C8-81C9-4728-8C2D-F2762BABF236}.Debug|iPhoneSimulator.ActiveCfg = Debug|Any CPU
		{CCBE35C8-81C9-4728-8C2D-F2762BABF236}.Debug|Mixed Platforms.ActiveCfg = Debug|Any CPU
		{CCBE35C8-81C9-4728-8C2D-F2762BABF236}.Debug|Mixed Platforms.Build.0 = Debug|Any CPU
		{CCBE35C8-81C9-4728-8C2D-F2762BABF236}.Debug|x86.ActiveCfg = Debug|Any CPU
		{CCBE35C8-81C9-4728-8C2D-F2762BABF236}.Release|Any CPU.ActiveCfg = Release|Any CPU
		{CCBE35C8-81C9-4728-8C2D-F2762BABF236}.Release|Any CPU.Build.0 = Release|Any CPU
		{CCBE35C8-81C9-4728-8C2D-F2762BABF236}.Release|ARM.ActiveCfg = Release|Any CPU
		{CCBE35C8-81C9-4728-8C2D-F2762BABF236}.Release|iPhone.ActiveCfg = Release|Any CPU
		{CCBE35C8-81C9-4728-8C2D-F2762BABF236}.Release|iPhoneSimulator.ActiveCfg = Release|Any CPU
		{CCBE35C8-81C9-4728-8C2D-F2762BABF236}.Release|Mixed Platforms.ActiveCfg = Release|Any CPU
		{CCBE35C8-81C9-4728-8C2D-F2762BABF236}.Release|Mixed Platforms.Build.0 = Release|Any CPU
		{CCBE35C8-81C9-4728-8C2D-F2762BABF236}.Release|x86.ActiveCfg = Release|Any CPU
		{1D610EB8-8CE9-419A-9BBE-1C4D10E3DE8A}.Ad-Hoc|Any CPU.ActiveCfg = Release|Any CPU
		{1D610EB8-8CE9-419A-9BBE-1C4D10E3DE8A}.Ad-Hoc|Any CPU.Build.0 = Release|Any CPU
		{1D610EB8-8CE9-419A-9BBE-1C4D10E3DE8A}.Ad-Hoc|ARM.ActiveCfg = Release|Any CPU
		{1D610EB8-8CE9-419A-9BBE-1C4D10E3DE8A}.Ad-Hoc|iPhone.ActiveCfg = Release|Any CPU
		{1D610EB8-8CE9-419A-9BBE-1C4D10E3DE8A}.Ad-Hoc|iPhoneSimulator.ActiveCfg = Release|Any CPU
		{1D610EB8-8CE9-419A-9BBE-1C4D10E3DE8A}.Ad-Hoc|Mixed Platforms.ActiveCfg = Release|Any CPU
		{1D610EB8-8CE9-419A-9BBE-1C4D10E3DE8A}.Ad-Hoc|Mixed Platforms.Build.0 = Release|Any CPU
		{1D610EB8-8CE9-419A-9BBE-1C4D10E3DE8A}.Ad-Hoc|x86.ActiveCfg = Release|Any CPU
		{1D610EB8-8CE9-419A-9BBE-1C4D10E3DE8A}.AppStore|Any CPU.ActiveCfg = Release|Any CPU
		{1D610EB8-8CE9-419A-9BBE-1C4D10E3DE8A}.AppStore|Any CPU.Build.0 = Release|Any CPU
		{1D610EB8-8CE9-419A-9BBE-1C4D10E3DE8A}.AppStore|ARM.ActiveCfg = Release|Any CPU
		{1D610EB8-8CE9-419A-9BBE-1C4D10E3DE8A}.AppStore|iPhone.ActiveCfg = Release|Any CPU
		{1D610EB8-8CE9-419A-9BBE-1C4D10E3DE8A}.AppStore|iPhoneSimulator.ActiveCfg = Release|Any CPU
		{1D610EB8-8CE9-419A-9BBE-1C4D10E3DE8A}.AppStore|Mixed Platforms.ActiveCfg = Release|Any CPU
		{1D610EB8-8CE9-419A-9BBE-1C4D10E3DE8A}.AppStore|Mixed Platforms.Build.0 = Release|Any CPU
		{1D610EB8-8CE9-419A-9BBE-1C4D10E3DE8A}.AppStore|x86.ActiveCfg = Release|Any CPU
		{1D610EB8-8CE9-419A-9BBE-1C4D10E3DE8A}.Debug|Any CPU.ActiveCfg = Debug|Any CPU
		{1D610EB8-8CE9-419A-9BBE-1C4D10E3DE8A}.Debug|Any CPU.Build.0 = Debug|Any CPU
		{1D610EB8-8CE9-419A-9BBE-1C4D10E3DE8A}.Debug|ARM.ActiveCfg = Debug|Any CPU
		{1D610EB8-8CE9-419A-9BBE-1C4D10E3DE8A}.Debug|iPhone.ActiveCfg = Debug|Any CPU
		{1D610EB8-8CE9-419A-9BBE-1C4D10E3DE8A}.Debug|iPhoneSimulator.ActiveCfg = Debug|Any CPU
		{1D610EB8-8CE9-419A-9BBE-1C4D10E3DE8A}.Debug|Mixed Platforms.ActiveCfg = Debug|Any CPU
		{1D610EB8-8CE9-419A-9BBE-1C4D10E3DE8A}.Debug|Mixed Platforms.Build.0 = Debug|Any CPU
		{1D610EB8-8CE9-419A-9BBE-1C4D10E3DE8A}.Debug|x86.ActiveCfg = Debug|Any CPU
		{1D610EB8-8CE9-419A-9BBE-1C4D10E3DE8A}.Release|Any CPU.ActiveCfg = Release|Any CPU
		{1D610EB8-8CE9-419A-9BBE-1C4D10E3DE8A}.Release|Any CPU.Build.0 = Release|Any CPU
		{1D610EB8-8CE9-419A-9BBE-1C4D10E3DE8A}.Release|ARM.ActiveCfg = Release|Any CPU
		{1D610EB8-8CE9-419A-9BBE-1C4D10E3DE8A}.Release|iPhone.ActiveCfg = Release|Any CPU
		{1D610EB8-8CE9-419A-9BBE-1C4D10E3DE8A}.Release|iPhoneSimulator.ActiveCfg = Release|Any CPU
		{1D610EB8-8CE9-419A-9BBE-1C4D10E3DE8A}.Release|Mixed Platforms.ActiveCfg = Release|Any CPU
		{1D610EB8-8CE9-419A-9BBE-1C4D10E3DE8A}.Release|Mixed Platforms.Build.0 = Release|Any CPU
		{1D610EB8-8CE9-419A-9BBE-1C4D10E3DE8A}.Release|x86.ActiveCfg = Release|Any CPU
		{678C410A-C3CA-44E3-8736-D92414CCA0C1}.Ad-Hoc|Any CPU.ActiveCfg = Release|Any CPU
		{678C410A-C3CA-44E3-8736-D92414CCA0C1}.Ad-Hoc|Any CPU.Build.0 = Release|Any CPU
		{678C410A-C3CA-44E3-8736-D92414CCA0C1}.Ad-Hoc|ARM.ActiveCfg = Release|Any CPU
		{678C410A-C3CA-44E3-8736-D92414CCA0C1}.Ad-Hoc|iPhone.ActiveCfg = Release|Any CPU
		{678C410A-C3CA-44E3-8736-D92414CCA0C1}.Ad-Hoc|iPhoneSimulator.ActiveCfg = Release|Any CPU
		{678C410A-C3CA-44E3-8736-D92414CCA0C1}.Ad-Hoc|Mixed Platforms.ActiveCfg = Release|Any CPU
		{678C410A-C3CA-44E3-8736-D92414CCA0C1}.Ad-Hoc|Mixed Platforms.Build.0 = Release|Any CPU
		{678C410A-C3CA-44E3-8736-D92414CCA0C1}.Ad-Hoc|x86.ActiveCfg = Release|Any CPU
		{678C410A-C3CA-44E3-8736-D92414CCA0C1}.AppStore|Any CPU.ActiveCfg = Release|Any CPU
		{678C410A-C3CA-44E3-8736-D92414CCA0C1}.AppStore|Any CPU.Build.0 = Release|Any CPU
		{678C410A-C3CA-44E3-8736-D92414CCA0C1}.AppStore|ARM.ActiveCfg = Release|Any CPU
		{678C410A-C3CA-44E3-8736-D92414CCA0C1}.AppStore|iPhone.ActiveCfg = Release|Any CPU
		{678C410A-C3CA-44E3-8736-D92414CCA0C1}.AppStore|iPhoneSimulator.ActiveCfg = Release|Any CPU
		{678C410A-C3CA-44E3-8736-D92414CCA0C1}.AppStore|Mixed Platforms.ActiveCfg = Release|Any CPU
		{678C410A-C3CA-44E3-8736-D92414CCA0C1}.AppStore|Mixed Platforms.Build.0 = Release|Any CPU
		{678C410A-C3CA-44E3-8736-D92414CCA0C1}.AppStore|x86.ActiveCfg = Release|Any CPU
		{678C410A-C3CA-44E3-8736-D92414CCA0C1}.Debug|Any CPU.ActiveCfg = Debug|Any CPU
		{678C410A-C3CA-44E3-8736-D92414CCA0C1}.Debug|Any CPU.Build.0 = Debug|Any CPU
		{678C410A-C3CA-44E3-8736-D92414CCA0C1}.Debug|ARM.ActiveCfg = Debug|Any CPU
		{678C410A-C3CA-44E3-8736-D92414CCA0C1}.Debug|iPhone.ActiveCfg = Debug|Any CPU
		{678C410A-C3CA-44E3-8736-D92414CCA0C1}.Debug|iPhoneSimulator.ActiveCfg = Debug|Any CPU
		{678C410A-C3CA-44E3-8736-D92414CCA0C1}.Debug|Mixed Platforms.ActiveCfg = Debug|Any CPU
		{678C410A-C3CA-44E3-8736-D92414CCA0C1}.Debug|Mixed Platforms.Build.0 = Debug|Any CPU
		{678C410A-C3CA-44E3-8736-D92414CCA0C1}.Debug|x86.ActiveCfg = Debug|Any CPU
		{678C410A-C3CA-44E3-8736-D92414CCA0C1}.Release|Any CPU.ActiveCfg = Release|Any CPU
		{678C410A-C3CA-44E3-8736-D92414CCA0C1}.Release|Any CPU.Build.0 = Release|Any CPU
		{678C410A-C3CA-44E3-8736-D92414CCA0C1}.Release|ARM.ActiveCfg = Release|Any CPU
		{678C410A-C3CA-44E3-8736-D92414CCA0C1}.Release|iPhone.ActiveCfg = Release|Any CPU
		{678C410A-C3CA-44E3-8736-D92414CCA0C1}.Release|iPhoneSimulator.ActiveCfg = Release|Any CPU
		{678C410A-C3CA-44E3-8736-D92414CCA0C1}.Release|Mixed Platforms.ActiveCfg = Release|Any CPU
		{678C410A-C3CA-44E3-8736-D92414CCA0C1}.Release|Mixed Platforms.Build.0 = Release|Any CPU
		{678C410A-C3CA-44E3-8736-D92414CCA0C1}.Release|x86.ActiveCfg = Release|Any CPU
		{84E0E9E3-EE65-4B89-B0DE-E9559603DB6C}.Ad-Hoc|Any CPU.ActiveCfg = Release|Any CPU
		{84E0E9E3-EE65-4B89-B0DE-E9559603DB6C}.Ad-Hoc|Any CPU.Build.0 = Release|Any CPU
		{84E0E9E3-EE65-4B89-B0DE-E9559603DB6C}.Ad-Hoc|ARM.ActiveCfg = Release|ARM
		{84E0E9E3-EE65-4B89-B0DE-E9559603DB6C}.Ad-Hoc|ARM.Build.0 = Release|ARM
		{84E0E9E3-EE65-4B89-B0DE-E9559603DB6C}.Ad-Hoc|iPhone.ActiveCfg = Release|Any CPU
		{84E0E9E3-EE65-4B89-B0DE-E9559603DB6C}.Ad-Hoc|iPhoneSimulator.ActiveCfg = Release|Any CPU
		{84E0E9E3-EE65-4B89-B0DE-E9559603DB6C}.Ad-Hoc|Mixed Platforms.ActiveCfg = Release|x86
		{84E0E9E3-EE65-4B89-B0DE-E9559603DB6C}.Ad-Hoc|Mixed Platforms.Build.0 = Release|x86
		{84E0E9E3-EE65-4B89-B0DE-E9559603DB6C}.Ad-Hoc|x86.ActiveCfg = Release|x86
		{84E0E9E3-EE65-4B89-B0DE-E9559603DB6C}.Ad-Hoc|x86.Build.0 = Release|x86
		{84E0E9E3-EE65-4B89-B0DE-E9559603DB6C}.AppStore|Any CPU.ActiveCfg = Release|Any CPU
		{84E0E9E3-EE65-4B89-B0DE-E9559603DB6C}.AppStore|Any CPU.Build.0 = Release|Any CPU
		{84E0E9E3-EE65-4B89-B0DE-E9559603DB6C}.AppStore|ARM.ActiveCfg = Release|ARM
		{84E0E9E3-EE65-4B89-B0DE-E9559603DB6C}.AppStore|ARM.Build.0 = Release|ARM
		{84E0E9E3-EE65-4B89-B0DE-E9559603DB6C}.AppStore|iPhone.ActiveCfg = Release|Any CPU
		{84E0E9E3-EE65-4B89-B0DE-E9559603DB6C}.AppStore|iPhoneSimulator.ActiveCfg = Release|Any CPU
		{84E0E9E3-EE65-4B89-B0DE-E9559603DB6C}.AppStore|Mixed Platforms.ActiveCfg = Release|x86
		{84E0E9E3-EE65-4B89-B0DE-E9559603DB6C}.AppStore|Mixed Platforms.Build.0 = Release|x86
		{84E0E9E3-EE65-4B89-B0DE-E9559603DB6C}.AppStore|x86.ActiveCfg = Release|x86
		{84E0E9E3-EE65-4B89-B0DE-E9559603DB6C}.AppStore|x86.Build.0 = Release|x86
		{84E0E9E3-EE65-4B89-B0DE-E9559603DB6C}.Debug|Any CPU.ActiveCfg = Debug|Any CPU
		{84E0E9E3-EE65-4B89-B0DE-E9559603DB6C}.Debug|Any CPU.Build.0 = Debug|Any CPU
		{84E0E9E3-EE65-4B89-B0DE-E9559603DB6C}.Debug|ARM.ActiveCfg = Debug|ARM
		{84E0E9E3-EE65-4B89-B0DE-E9559603DB6C}.Debug|ARM.Build.0 = Debug|ARM
		{84E0E9E3-EE65-4B89-B0DE-E9559603DB6C}.Debug|iPhone.ActiveCfg = Debug|Any CPU
		{84E0E9E3-EE65-4B89-B0DE-E9559603DB6C}.Debug|iPhoneSimulator.ActiveCfg = Debug|Any CPU
		{84E0E9E3-EE65-4B89-B0DE-E9559603DB6C}.Debug|Mixed Platforms.ActiveCfg = Debug|x86
		{84E0E9E3-EE65-4B89-B0DE-E9559603DB6C}.Debug|Mixed Platforms.Build.0 = Debug|x86
		{84E0E9E3-EE65-4B89-B0DE-E9559603DB6C}.Debug|x86.ActiveCfg = Debug|x86
		{84E0E9E3-EE65-4B89-B0DE-E9559603DB6C}.Debug|x86.Build.0 = Debug|x86
		{84E0E9E3-EE65-4B89-B0DE-E9559603DB6C}.Release|Any CPU.ActiveCfg = Release|Any CPU
		{84E0E9E3-EE65-4B89-B0DE-E9559603DB6C}.Release|Any CPU.Build.0 = Release|Any CPU
		{84E0E9E3-EE65-4B89-B0DE-E9559603DB6C}.Release|ARM.ActiveCfg = Release|ARM
		{84E0E9E3-EE65-4B89-B0DE-E9559603DB6C}.Release|ARM.Build.0 = Release|ARM
		{84E0E9E3-EE65-4B89-B0DE-E9559603DB6C}.Release|iPhone.ActiveCfg = Release|Any CPU
		{84E0E9E3-EE65-4B89-B0DE-E9559603DB6C}.Release|iPhoneSimulator.ActiveCfg = Release|Any CPU
		{84E0E9E3-EE65-4B89-B0DE-E9559603DB6C}.Release|Mixed Platforms.ActiveCfg = Release|x86
		{84E0E9E3-EE65-4B89-B0DE-E9559603DB6C}.Release|Mixed Platforms.Build.0 = Release|x86
		{84E0E9E3-EE65-4B89-B0DE-E9559603DB6C}.Release|x86.ActiveCfg = Release|x86
		{84E0E9E3-EE65-4B89-B0DE-E9559603DB6C}.Release|x86.Build.0 = Release|x86
	EndGlobalSection
	GlobalSection(SolutionProperties) = preSolution
		HideSolutionNode = FALSE
	EndGlobalSection
	GlobalSection(NestedProjects) = preSolution
		{83E52E84-6489-41E5-BFE4-2C762D50739E} = {8C21BBEA-FA13-4998-AB31-BDBF97F68406}
		{67F9D3A8-F71E-4428-913F-C37AE82CDB24} = {8C21BBEA-FA13-4998-AB31-BDBF97F68406}
		{CCBE35C8-81C9-4728-8C2D-F2762BABF236} = {2020B60C-0202-4FEC-8E78-F18588716196}
		{1D610EB8-8CE9-419A-9BBE-1C4D10E3DE8A} = {2020B60C-0202-4FEC-8E78-F18588716196}
		{678C410A-C3CA-44E3-8736-D92414CCA0C1} = {2020B60C-0202-4FEC-8E78-F18588716196}
		{84E0E9E3-EE65-4B89-B0DE-E9559603DB6C} = {2020B60C-0202-4FEC-8E78-F18588716196}
	EndGlobalSection
EndGlobal
